// !$*UTF8*$!
{
	archiveVersion = 1;
	classes = {
	};
	objectVersion = 46;
	objects = {

/* Begin PBXBuildFile section */
		5910640F1A890EC400C6A901 /* AcheronGCD.cpp in Sources */ = {isa = PBXBuildFile; fileRef = 5910640D1A890EC400C6A901 /* AcheronGCD.cpp */; };
		591064121A8912E100C6A901 /* AcheronCube.cpp in Sources */ = {isa = PBXBuildFile; fileRef = 591064101A8912E100C6A901 /* AcheronCube.cpp */; };
		591064151A89151000C6A901 /* Acheron_Interface.cpp in Sources */ = {isa = PBXBuildFile; fileRef = 591064131A89151000C6A901 /* Acheron_Interface.cpp */; };
		591201C11A6D078900ECB42A /* libsfml-window.2.2.0.dylib in Frameworks */ = {isa = PBXBuildFile; fileRef = 591201BE1A6D078900ECB42A /* libsfml-window.2.2.0.dylib */; };
		591201C21A6D078900ECB42A /* libsfml-system.2.2.0.dylib in Frameworks */ = {isa = PBXBuildFile; fileRef = 591201BF1A6D078900ECB42A /* libsfml-system.2.2.0.dylib */; };
		591201C51A6D1D9F00ECB42A /* libsfml-graphics.2.2.0.dylib in Frameworks */ = {isa = PBXBuildFile; fileRef = 591201BD1A6D078900ECB42A /* libsfml-graphics.2.2.0.dylib */; };
		591201C71A6D1DA500ECB42A /* OpenGL.framework in Frameworks */ = {isa = PBXBuildFile; fileRef = 591201C61A6D1DA500ECB42A /* OpenGL.framework */; };
		591692601A3E11D2001D4D35 /* SFLineShape.cpp in Sources */ = {isa = PBXBuildFile; fileRef = 5916925E1A3E11D2001D4D35 /* SFLineShape.cpp */; };
		5923C8DA19D00EB90055E0D5 /* RenderElement.cpp in Sources */ = {isa = PBXBuildFile; fileRef = 5923C8D919D00EB90055E0D5 /* RenderElement.cpp */; };
		5923C8E419D01EE60055E0D5 /* Generic.cpp in Sources */ = {isa = PBXBuildFile; fileRef = 5923C8E219D01EE60055E0D5 /* Generic.cpp */; };
		5923C8EF19D02A5E0055E0D5 /* PhysicsGeneral.cpp in Sources */ = {isa = PBXBuildFile; fileRef = 5923C8EE19D02A5E0055E0D5 /* PhysicsGeneral.cpp */; };
		5926293E198AB66500858A67 /* Abstract.cpp in Sources */ = {isa = PBXBuildFile; fileRef = 59262926198AB66500858A67 /* Abstract.cpp */; };
		5926293F198AB66500858A67 /* Anim.cpp in Sources */ = {isa = PBXBuildFile; fileRef = 59262927198AB66500858A67 /* Anim.cpp */; };
		59262941198AB66500858A67 /* Cell.cpp in Sources */ = {isa = PBXBuildFile; fileRef = 59262929198AB66500858A67 /* Cell.cpp */; };
		59262942198AB66500858A67 /* Common.cpp in Sources */ = {isa = PBXBuildFile; fileRef = 5926292A198AB66500858A67 /* Common.cpp */; };
		59262943198AB66500858A67 /* Config.cpp in Sources */ = {isa = PBXBuildFile; fileRef = 5926292B198AB66500858A67 /* Config.cpp */; };
		59262944198AB66500858A67 /* Debug_old.cpp in Sources */ = {isa = PBXBuildFile; fileRef = 5926292C198AB66500858A67 /* Debug_old.cpp */; };
		59262945198AB66500858A67 /* LuaInterface.cpp in Sources */ = {isa = PBXBuildFile; fileRef = 5926292D198AB66500858A67 /* LuaInterface.cpp */; };
		59262946198AB66500858A67 /* LuaUtils.cpp in Sources */ = {isa = PBXBuildFile; fileRef = 5926292E198AB66500858A67 /* LuaUtils.cpp */; };
		59262947198AB66500858A67 /* Map.cpp in Sources */ = {isa = PBXBuildFile; fileRef = 5926292F198AB66500858A67 /* Map.cpp */; };
		59262949198AB66500858A67 /* ObjectArrayImpl.cpp in Sources */ = {isa = PBXBuildFile; fileRef = 59262931198AB66500858A67 /* ObjectArrayImpl.cpp */; };
		5926294A198AB66500858A67 /* ObjectManger.cpp in Sources */ = {isa = PBXBuildFile; fileRef = 59262932198AB66500858A67 /* ObjectManger.cpp */; };
		5926294B198AB66500858A67 /* Pathfinder.cpp in Sources */ = {isa = PBXBuildFile; fileRef = 59262933198AB66500858A67 /* Pathfinder.cpp */; };
		5926294C198AB66500858A67 /* Physics.cpp in Sources */ = {isa = PBXBuildFile; fileRef = 59262934198AB66500858A67 /* Physics.cpp */; };
		5926294D198AB66500858A67 /* Session.cpp in Sources */ = {isa = PBXBuildFile; fileRef = 59262935198AB66500858A67 /* Session.cpp */; };
		5926294E198AB66500858A67 /* Techno.cpp in Sources */ = {isa = PBXBuildFile; fileRef = 59262936198AB66500858A67 /* Techno.cpp */; };
		5926294F198AB66500858A67 /* Test.cpp in Sources */ = {isa = PBXBuildFile; fileRef = 59262937198AB66500858A67 /* Test.cpp */; };
		59262951198AB66500858A67 /* Transform.cpp in Sources */ = {isa = PBXBuildFile; fileRef = 59262939198AB66500858A67 /* Transform.cpp */; };
		59262952198AB66500858A67 /* Type_Abstract.cpp in Sources */ = {isa = PBXBuildFile; fileRef = 5926293A198AB66500858A67 /* Type_Abstract.cpp */; };
		59262953198AB66500858A67 /* Type_Anim.cpp in Sources */ = {isa = PBXBuildFile; fileRef = 5926293B198AB66500858A67 /* Type_Anim.cpp */; };
		59262955198AB66500858A67 /* Type_Techno.cpp in Sources */ = {isa = PBXBuildFile; fileRef = 5926293D198AB66500858A67 /* Type_Techno.cpp */; };
		592859091A37594700D4AE91 /* Gmap_Interface.cpp in Sources */ = {isa = PBXBuildFile; fileRef = 592859071A37594700D4AE91 /* Gmap_Interface.cpp */; };
		593458641A8251F600DE4C28 /* GLShaderExt.cpp in Sources */ = {isa = PBXBuildFile; fileRef = 593458621A8251F600DE4C28 /* GLShaderExt.cpp */; };
		593458671A8316E000DE4C28 /* TeslaObject.cpp in Sources */ = {isa = PBXBuildFile; fileRef = 593458651A8316E000DE4C28 /* TeslaObject.cpp */; };
		5934586A1A832C8800DE4C28 /* Tesla_Interface.cpp in Sources */ = {isa = PBXBuildFile; fileRef = 593458681A832C8800DE4C28 /* Tesla_Interface.cpp */; };
		5944452F1A75389000941CEB /* CubeTransform.cpp in Sources */ = {isa = PBXBuildFile; fileRef = 5944452D1A75389000941CEB /* CubeTransform.cpp */; };
		5945C3511A99D02D0095EE51 /* WonderlandCommon.cpp in Sources */ = {isa = PBXBuildFile; fileRef = 5945C34F1A99D02D0095EE51 /* WonderlandCommon.cpp */; };
		5953D4191A90A84F009AD969 /* Wonderland_Interface.cpp in Sources */ = {isa = PBXBuildFile; fileRef = 5953D4171A90A84F009AD969 /* Wonderland_Interface.cpp */; };
		595DDC11198ADD990046919B /* libBulletCollision_xcode4_x64_release.a in Frameworks */ = {isa = PBXBuildFile; fileRef = 595DDC0E198ADD990046919B /* libBulletCollision_xcode4_x64_release.a */; };
		595DDC12198ADD990046919B /* libBulletDynamics_xcode4_x64_release.a in Frameworks */ = {isa = PBXBuildFile; fileRef = 595DDC0F198ADD990046919B /* libBulletDynamics_xcode4_x64_release.a */; };
		595DDC13198ADD990046919B /* libLinearMath_xcode4_x64_release.a in Frameworks */ = {isa = PBXBuildFile; fileRef = 595DDC10198ADD990046919B /* libLinearMath_xcode4_x64_release.a */; };
		59725E831A8E015B0010B4F8 /* liblang.a in Frameworks */ = {isa = PBXBuildFile; fileRef = 59725E821A8E015B0010B4F8 /* liblang.a */; };
		598D1DDE1A3966A70049653B /* RayTest.cpp in Sources */ = {isa = PBXBuildFile; fileRef = 598D1DDC1A3966A70049653B /* RayTest.cpp */; };
		598D1DE11A3967FF0049653B /* RayTest_Interface.cpp in Sources */ = {isa = PBXBuildFile; fileRef = 598D1DDF1A3967FF0049653B /* RayTest_Interface.cpp */; };
		598E6EEF1A6F649E000C68BE /* ModelLoader_obj.cpp in Sources */ = {isa = PBXBuildFile; fileRef = 598E6EED1A6F649E000C68BE /* ModelLoader_obj.cpp */; };
		599985E91A7F3F9900E6CE68 /* ATVBCube.cpp in Sources */ = {isa = PBXBuildFile; fileRef = 599985E71A7F3F9900E6CE68 /* ATVBCube.cpp */; };
		599985EF1A7F4BED00E6CE68 /* Startup.cpp in Sources */ = {isa = PBXBuildFile; fileRef = 599985ED1A7F4BED00E6CE68 /* Startup.cpp */; };
		599985F21A7F540200E6CE68 /* RaycastVehicle.cpp in Sources */ = {isa = PBXBuildFile; fileRef = 599985F01A7F540200E6CE68 /* RaycastVehicle.cpp */; };
		599985F51A80A7E400E6CE68 /* BulletDebugDraw.cpp in Sources */ = {isa = PBXBuildFile; fileRef = 599985F31A80A7E400E6CE68 /* BulletDebugDraw.cpp */; };
		599985F81A80DC0F00E6CE68 /* ConstraintVehicle.cpp in Sources */ = {isa = PBXBuildFile; fileRef = 599985F61A80DC0F00E6CE68 /* ConstraintVehicle.cpp */; };
		599986001A80DDD700E6CE68 /* BulletVehicle_Interface.cpp in Sources */ = {isa = PBXBuildFile; fileRef = 599985FE1A80DDD700E6CE68 /* BulletVehicle_Interface.cpp */; };
		59BF15F31A837301000DA821 /* TeslaRendering.cpp in Sources */ = {isa = PBXBuildFile; fileRef = 59BF15F11A837301000DA821 /* TeslaRendering.cpp */; };
		59BF15F61A837A9E000DA821 /* WonderlandFoundation.cpp in Sources */ = {isa = PBXBuildFile; fileRef = 59BF15F41A837A9E000DA821 /* WonderlandFoundation.cpp */; };
		59C97B071A77784000AB3F02 /* TeslaBullet.cpp in Sources */ = {isa = PBXBuildFile; fileRef = 59C97B051A77784000AB3F02 /* TeslaBullet.cpp */; };
		59C97B0A1A7913C800AB3F02 /* GLShader.cpp in Sources */ = {isa = PBXBuildFile; fileRef = 59C97B081A7913C800AB3F02 /* GLShader.cpp */; };
		59C97B0D1A7942CA00AB3F02 /* TeslaRenderingBasic.cpp in Sources */ = {isa = PBXBuildFile; fileRef = 59C97B0B1A7942CA00AB3F02 /* TeslaRenderingBasic.cpp */; };
		59CF4DB51A94901D00F61962 /* BulletInterface.cpp in Sources */ = {isa = PBXBuildFile; fileRef = 59CF4DB31A94901D00F61962 /* BulletInterface.cpp */; };
		59CF4DB81A9594AF00F61962 /* Path.cpp in Sources */ = {isa = PBXBuildFile; fileRef = 59CF4DB61A9594AF00F61962 /* Path.cpp */; };
		59CF4DBC1A959F4200F61962 /* PathAux.cpp in Sources */ = {isa = PBXBuildFile; fileRef = 59CF4DBA1A959F4200F61962 /* PathAux.cpp */; };
		59CF4DC21A95A78000F61962 /* Path_Interface.cpp in Sources */ = {isa = PBXBuildFile; fileRef = 59CF4DC01A95A78000F61962 /* Path_Interface.cpp */; };
		59CF4DC51A95A89C00F61962 /* PathCube.cpp in Sources */ = {isa = PBXBuildFile; fileRef = 59CF4DC31A95A89C00F61962 /* PathCube.cpp */; };
		59CF4DC81A95A9D000F61962 /* Pathway.cpp in Sources */ = {isa = PBXBuildFile; fileRef = 59CF4DC61A95A9D000F61962 /* Pathway.cpp */; };
		59F431DC1A839A47008795D9 /* GLM_Interface.cpp in Sources */ = {isa = PBXBuildFile; fileRef = 59F431DA1A839A47008795D9 /* GLM_Interface.cpp */; };
		59F431E71A83AF0F008795D9 /* GritFoundation.cpp in Sources */ = {isa = PBXBuildFile; fileRef = 59F431E51A83AF0F008795D9 /* GritFoundation.cpp */; };
		59F5BCAD1A8A0F80006676EC /* libluajit.a in Frameworks */ = {isa = PBXBuildFile; fileRef = 59F5BCAC1A8A0F80006676EC /* libluajit.a */; };
		59F5BCB31A8A39E5006676EC /* ZephyrCheck.cpp in Sources */ = {isa = PBXBuildFile; fileRef = 59F5BCB11A8A39E5006676EC /* ZephyrCheck.cpp */; };
		59F5BCB61A8B9657006676EC /* SilconSprite.cpp in Sources */ = {isa = PBXBuildFile; fileRef = 59F5BCB41A8B9657006676EC /* SilconSprite.cpp */; };
		59F5BCB91A8B9E4F006676EC /* SilconShader.cpp in Sources */ = {isa = PBXBuildFile; fileRef = 59F5BCB71A8B9E4F006676EC /* SilconShader.cpp */; };
		59F5BCBE1A8C91F1006676EC /* Silcon.cpp in Sources */ = {isa = PBXBuildFile; fileRef = 59F5BCBC1A8C91F1006676EC /* Silcon.cpp */; };
		59F5BCBF1A8DFFE3006676EC /* components.o in Frameworks */ = {isa = PBXBuildFile; fileRef = 591063FC1A88FD7A00C6A901 /* components.o */; };
		59F5BCC01A8DFFE3006676EC /* Placeholders.o in Frameworks */ = {isa = PBXBuildFile; fileRef = 591063FE1A88FD7A00C6A901 /* Placeholders.o */; };
		59F5BCC11A8DFFE3006676EC /* object.o in Frameworks */ = {isa = PBXBuildFile; fileRef = 591063FD1A88FD7A00C6A901 /* object.o */; };
		59F5BCC21A8DFFE3006676EC /* Helpers.o in Frameworks */ = {isa = PBXBuildFile; fileRef = 591064071A88FEEA00C6A901 /* Helpers.o */; };
		59F5BCC61A8DFFE4006676EC /* binded_attr.o in Frameworks */ = {isa = PBXBuildFile; fileRef = 59F5BCC31A8DFFE4006676EC /* binded_attr.o */; };
		59F5BCC71A8DFFE4006676EC /* ttter.o in Frameworks */ = {isa = PBXBuildFile; fileRef = 59F5BCC41A8DFFE4006676EC /* ttter.o */; };
		59F5BCC81A8DFFE4006676EC /* composer.o in Frameworks */ = {isa = PBXBuildFile; fileRef = 59F5BCC51A8DFFE4006676EC /* composer.o */; };
		59FCB50B1A84850C0048D776 /* GritAStar.cpp in Sources */ = {isa = PBXBuildFile; fileRef = 59FCB5091A84850C0048D776 /* GritAStar.cpp */; };
		59FCB50F1A84A3C90048D776 /* Grit_Interface.cpp in Sources */ = {isa = PBXBuildFile; fileRef = 59FCB50D1A84A3C90048D776 /* Grit_Interface.cpp */; };
		59FCB5111A84A5DB0048D776 /* StdInterface.cpp in Sources */ = {isa = PBXBuildFile; fileRef = 59FCB5101A84A5DB0048D776 /* StdInterface.cpp */; };
		59FCB5171A85B2120048D776 /* Timer.cpp in Sources */ = {isa = PBXBuildFile; fileRef = 59FCB5151A85B2120048D776 /* Timer.cpp */; };
		59FCBF2F1A713D8500BEF905 /* Atheverybeginning.cpp in Sources */ = {isa = PBXBuildFile; fileRef = 59FCBF2D1A713D8500BEF905 /* Atheverybeginning.cpp */; };
		59FCBF361A73673100BEF905 /* FSM.cpp in Sources */ = {isa = PBXBuildFile; fileRef = 59FCBF341A73673100BEF905 /* FSM.cpp */; };
		59FCBF3F1A73B8E200BEF905 /* BulletThread.cpp in Sources */ = {isa = PBXBuildFile; fileRef = 59FCBF3D1A73B8E200BEF905 /* BulletThread.cpp */; };
		59FCBF431A73CA5700BEF905 /* Acheron.cpp in Sources */ = {isa = PBXBuildFile; fileRef = 59FCBF411A73CA5700BEF905 /* Acheron.cpp */; };
		59FCBF461A73CBEC00BEF905 /* SilconThread.cpp in Sources */ = {isa = PBXBuildFile; fileRef = 59FCBF441A73CBEC00BEF905 /* SilconThread.cpp */; };
		59FCBF4B1A74840E00BEF905 /* GLFoundation.cpp in Sources */ = {isa = PBXBuildFile; fileRef = 59FCBF491A74840E00BEF905 /* GLFoundation.cpp */; };
/* End PBXBuildFile section */

/* Begin PBXCopyFilesBuildPhase section */
		592628FC198AB62300858A67 /* CopyFiles */ = {
			isa = PBXCopyFilesBuildPhase;
			buildActionMask = 2147483647;
			dstPath = /usr/share/man/man1/;
			dstSubfolderSpec = 0;
			files = (
			);
			runOnlyForDeploymentPostprocessing = 1;
		};
/* End PBXCopyFilesBuildPhase section */

/* Begin PBXFileReference section */
		591063FC1A88FD7A00C6A901 /* components.o */ = {isa = PBXFileReference; lastKnownFileType = "compiled.mach-o.objfile"; name = components.o; path = tmp/components.o; sourceTree = "<group>"; };
		591063FD1A88FD7A00C6A901 /* object.o */ = {isa = PBXFileReference; lastKnownFileType = "compiled.mach-o.objfile"; name = object.o; path = tmp/object.o; sourceTree = "<group>"; };
		591063FE1A88FD7A00C6A901 /* Placeholders.o */ = {isa = PBXFileReference; lastKnownFileType = "compiled.mach-o.objfile"; name = Placeholders.o; path = tmp/Placeholders.o; sourceTree = "<group>"; };
		591064071A88FEEA00C6A901 /* Helpers.o */ = {isa = PBXFileReference; lastKnownFileType = "compiled.mach-o.objfile"; name = Helpers.o; path = tmp/Helpers.o; sourceTree = "<group>"; };
		5910640D1A890EC400C6A901 /* AcheronGCD.cpp */ = {isa = PBXFileReference; fileEncoding = 4; lastKnownFileType = sourcecode.cpp.cpp; path = AcheronGCD.cpp; sourceTree = "<group>"; };
		5910640E1A890EC400C6A901 /* AcheronGCD.h */ = {isa = PBXFileReference; fileEncoding = 4; lastKnownFileType = sourcecode.c.h; path = AcheronGCD.h; sourceTree = "<group>"; };
		591064101A8912E100C6A901 /* AcheronCube.cpp */ = {isa = PBXFileReference; fileEncoding = 4; lastKnownFileType = sourcecode.cpp.cpp; path = AcheronCube.cpp; sourceTree = "<group>"; };
		591064111A8912E100C6A901 /* AcheronCube.h */ = {isa = PBXFileReference; fileEncoding = 4; lastKnownFileType = sourcecode.c.h; path = AcheronCube.h; sourceTree = "<group>"; };
		591064131A89151000C6A901 /* Acheron_Interface.cpp */ = {isa = PBXFileReference; fileEncoding = 4; lastKnownFileType = sourcecode.cpp.cpp; path = Acheron_Interface.cpp; sourceTree = "<group>"; };
		591064141A89151000C6A901 /* Acheron_Interface.h */ = {isa = PBXFileReference; fileEncoding = 4; lastKnownFileType = sourcecode.c.h; path = Acheron_Interface.h; sourceTree = "<group>"; };
		591064161A89228700C6A901 /* CallbackRef.h */ = {isa = PBXFileReference; fileEncoding = 4; lastKnownFileType = sourcecode.c.h; path = CallbackRef.h; sourceTree = "<group>"; };
		591201BD1A6D078900ECB42A /* libsfml-graphics.2.2.0.dylib */ = {isa = PBXFileReference; lastKnownFileType = "compiled.mach-o.dylib"; name = "libsfml-graphics.2.2.0.dylib"; path = "../../Assets/Librarys/SFML-master/lib/libsfml-graphics.2.2.0.dylib"; sourceTree = "<group>"; };
		591201BE1A6D078900ECB42A /* libsfml-window.2.2.0.dylib */ = {isa = PBXFileReference; lastKnownFileType = "compiled.mach-o.dylib"; name = "libsfml-window.2.2.0.dylib"; path = "../../Assets/Librarys/SFML-master/lib/libsfml-window.2.2.0.dylib"; sourceTree = "<group>"; };
		591201BF1A6D078900ECB42A /* libsfml-system.2.2.0.dylib */ = {isa = PBXFileReference; lastKnownFileType = "compiled.mach-o.dylib"; name = "libsfml-system.2.2.0.dylib"; path = "../../Assets/Librarys/SFML-master/lib/libsfml-system.2.2.0.dylib"; sourceTree = "<group>"; };
		591201C61A6D1DA500ECB42A /* OpenGL.framework */ = {isa = PBXFileReference; lastKnownFileType = wrapper.framework; name = OpenGL.framework; path = System/Library/Frameworks/OpenGL.framework; sourceTree = SDKROOT; };
		5916925E1A3E11D2001D4D35 /* SFLineShape.cpp */ = {isa = PBXFileReference; fileEncoding = 4; lastKnownFileType = sourcecode.cpp.cpp; path = SFLineShape.cpp; sourceTree = "<group>"; };
		5916925F1A3E11D2001D4D35 /* SFLineShape.h */ = {isa = PBXFileReference; fileEncoding = 4; lastKnownFileType = sourcecode.c.h; path = SFLineShape.h; sourceTree = "<group>"; };
		5923C8D919D00EB90055E0D5 /* RenderElement.cpp */ = {isa = PBXFileReference; fileEncoding = 4; lastKnownFileType = sourcecode.cpp.cpp; path = RenderElement.cpp; sourceTree = "<group>"; };
		5923C8DC19D00F730055E0D5 /* RenderElementsContainer.h */ = {isa = PBXFileReference; fileEncoding = 4; lastKnownFileType = sourcecode.c.h; path = RenderElementsContainer.h; sourceTree = "<group>"; };
		5923C8E219D01EE60055E0D5 /* Generic.cpp */ = {isa = PBXFileReference; fileEncoding = 4; lastKnownFileType = sourcecode.cpp.cpp; path = Generic.cpp; sourceTree = "<group>"; };
		5923C8E319D01EE60055E0D5 /* Generic.h */ = {isa = PBXFileReference; fileEncoding = 4; lastKnownFileType = sourcecode.c.h; path = Generic.h; sourceTree = "<group>"; };
		5923C8E819D027480055E0D5 /* LWindow.h */ = {isa = PBXFileReference; fileEncoding = 4; lastKnownFileType = sourcecode.c.h; path = LWindow.h; sourceTree = "<group>"; };
		5923C8ED19D02A3D0055E0D5 /* PhysicsGeneral.h */ = {isa = PBXFileReference; lastKnownFileType = sourcecode.c.h; path = PhysicsGeneral.h; sourceTree = "<group>"; };
		5923C8EE19D02A5E0055E0D5 /* PhysicsGeneral.cpp */ = {isa = PBXFileReference; fileEncoding = 4; lastKnownFileType = sourcecode.cpp.cpp; path = PhysicsGeneral.cpp; sourceTree = "<group>"; };
		592628FE198AB62300858A67 /* MarXsCube */ = {isa = PBXFileReference; explicitFileType = "compiled.mach-o.executable"; includeInIndex = 0; path = MarXsCube; sourceTree = BUILT_PRODUCTS_DIR; };
		5926290A198AB66500858A67 /* Abstract.h */ = {isa = PBXFileReference; fileEncoding = 4; lastKnownFileType = sourcecode.c.h; path = Abstract.h; sourceTree = "<group>"; };
		5926290B198AB66500858A67 /* Anim.h */ = {isa = PBXFileReference; fileEncoding = 4; lastKnownFileType = sourcecode.c.h; path = Anim.h; sourceTree = "<group>"; };
		5926290D198AB66500858A67 /* Cell.h */ = {isa = PBXFileReference; fileEncoding = 4; lastKnownFileType = sourcecode.c.h; path = Cell.h; sourceTree = "<group>"; };
		5926290E198AB66500858A67 /* Common.h */ = {isa = PBXFileReference; fileEncoding = 4; lastKnownFileType = sourcecode.c.h; path = Common.h; sourceTree = "<group>"; };
		5926290F198AB66500858A67 /* Config.h */ = {isa = PBXFileReference; fileEncoding = 4; lastKnownFileType = sourcecode.c.h; path = Config.h; sourceTree = "<group>"; };
		59262910198AB66500858A67 /* Debug_old.h */ = {isa = PBXFileReference; fileEncoding = 4; lastKnownFileType = sourcecode.c.h; path = Debug_old.h; sourceTree = "<group>"; };
		59262911198AB66500858A67 /* LuaInterface.h */ = {isa = PBXFileReference; fileEncoding = 4; lastKnownFileType = sourcecode.c.h; path = LuaInterface.h; sourceTree = "<group>"; };
		59262912198AB66500858A67 /* LuaUtils.h */ = {isa = PBXFileReference; fileEncoding = 4; lastKnownFileType = sourcecode.c.h; path = LuaUtils.h; sourceTree = "<group>"; };
		59262913198AB66500858A67 /* Map.h */ = {isa = PBXFileReference; fileEncoding = 4; lastKnownFileType = sourcecode.c.h; path = Map.h; sourceTree = "<group>"; };
		59262914198AB66500858A67 /* MotionStateTest.h */ = {isa = PBXFileReference; fileEncoding = 4; lastKnownFileType = sourcecode.c.h; path = MotionStateTest.h; sourceTree = "<group>"; };
		59262915198AB66500858A67 /* Object.h */ = {isa = PBXFileReference; fileEncoding = 4; lastKnownFileType = sourcecode.c.h; path = Object.h; sourceTree = "<group>"; };
		59262916198AB66500858A67 /* ObjectArray.h */ = {isa = PBXFileReference; fileEncoding = 4; lastKnownFileType = sourcecode.c.h; path = ObjectArray.h; sourceTree = "<group>"; };
		59262917198AB66500858A67 /* ObjectManger.h */ = {isa = PBXFileReference; fileEncoding = 4; lastKnownFileType = sourcecode.c.h; path = ObjectManger.h; sourceTree = "<group>"; };
		59262918198AB66500858A67 /* ObjectTypeArray.h */ = {isa = PBXFileReference; fileEncoding = 4; lastKnownFileType = sourcecode.c.h; path = ObjectTypeArray.h; sourceTree = "<group>"; };
		59262919198AB66500858A67 /* Pathfinder.h */ = {isa = PBXFileReference; fileEncoding = 4; lastKnownFileType = sourcecode.c.h; path = Pathfinder.h; sourceTree = "<group>"; };
		5926291A198AB66500858A67 /* Physics.h */ = {isa = PBXFileReference; fileEncoding = 4; lastKnownFileType = sourcecode.c.h; path = Physics.h; sourceTree = "<group>"; };
		5926291B198AB66500858A67 /* PhysicsCheck.h */ = {isa = PBXFileReference; fileEncoding = 4; lastKnownFileType = sourcecode.c.h; path = PhysicsCheck.h; sourceTree = "<group>"; };
		5926291C198AB66500858A67 /* PhysicsCommon.h */ = {isa = PBXFileReference; fileEncoding = 4; lastKnownFileType = sourcecode.c.h; path = PhysicsCommon.h; sourceTree = "<group>"; };
		5926291D198AB66500858A67 /* RenderElement.h */ = {isa = PBXFileReference; fileEncoding = 4; lastKnownFileType = sourcecode.c.h; path = RenderElement.h; sourceTree = "<group>"; };
		5926291E198AB66500858A67 /* Session.h */ = {isa = PBXFileReference; fileEncoding = 4; lastKnownFileType = sourcecode.c.h; path = Session.h; sourceTree = "<group>"; };
		5926291F198AB66500858A67 /* SFML.h */ = {isa = PBXFileReference; fileEncoding = 4; lastKnownFileType = sourcecode.c.h; path = SFML.h; sourceTree = "<group>"; };
		59262920198AB66500858A67 /* Techno.h */ = {isa = PBXFileReference; fileEncoding = 4; lastKnownFileType = sourcecode.c.h; path = Techno.h; sourceTree = "<group>"; };
		59262921198AB66500858A67 /* Transform.h */ = {isa = PBXFileReference; fileEncoding = 4; lastKnownFileType = sourcecode.c.h; path = Transform.h; sourceTree = "<group>"; };
		59262922198AB66500858A67 /* Type_Abstract.h */ = {isa = PBXFileReference; fileEncoding = 4; lastKnownFileType = sourcecode.c.h; path = Type_Abstract.h; sourceTree = "<group>"; };
		59262923198AB66500858A67 /* Type_Anim.h */ = {isa = PBXFileReference; fileEncoding = 4; lastKnownFileType = sourcecode.c.h; path = Type_Anim.h; sourceTree = "<group>"; };
		59262924198AB66500858A67 /* Type_Object.h */ = {isa = PBXFileReference; fileEncoding = 4; lastKnownFileType = sourcecode.c.h; path = Type_Object.h; sourceTree = "<group>"; };
		59262925198AB66500858A67 /* Type_Techno.h */ = {isa = PBXFileReference; fileEncoding = 4; lastKnownFileType = sourcecode.c.h; path = Type_Techno.h; sourceTree = "<group>"; };
		59262926198AB66500858A67 /* Abstract.cpp */ = {isa = PBXFileReference; fileEncoding = 4; lastKnownFileType = sourcecode.cpp.cpp; path = Abstract.cpp; sourceTree = "<group>"; };
		59262927198AB66500858A67 /* Anim.cpp */ = {isa = PBXFileReference; fileEncoding = 4; lastKnownFileType = sourcecode.cpp.cpp; path = Anim.cpp; sourceTree = "<group>"; };
		59262929198AB66500858A67 /* Cell.cpp */ = {isa = PBXFileReference; fileEncoding = 4; lastKnownFileType = sourcecode.cpp.cpp; path = Cell.cpp; sourceTree = "<group>"; };
		5926292A198AB66500858A67 /* Common.cpp */ = {isa = PBXFileReference; fileEncoding = 4; lastKnownFileType = sourcecode.cpp.cpp; path = Common.cpp; sourceTree = "<group>"; };
		5926292B198AB66500858A67 /* Config.cpp */ = {isa = PBXFileReference; fileEncoding = 4; lastKnownFileType = sourcecode.cpp.cpp; path = Config.cpp; sourceTree = "<group>"; };
		5926292C198AB66500858A67 /* Debug_old.cpp */ = {isa = PBXFileReference; fileEncoding = 4; lastKnownFileType = sourcecode.cpp.cpp; path = Debug_old.cpp; sourceTree = "<group>"; };
		5926292D198AB66500858A67 /* LuaInterface.cpp */ = {isa = PBXFileReference; fileEncoding = 4; lastKnownFileType = sourcecode.cpp.cpp; path = LuaInterface.cpp; sourceTree = "<group>"; };
		5926292E198AB66500858A67 /* LuaUtils.cpp */ = {isa = PBXFileReference; fileEncoding = 4; lastKnownFileType = sourcecode.cpp.cpp; path = LuaUtils.cpp; sourceTree = "<group>"; };
		5926292F198AB66500858A67 /* Map.cpp */ = {isa = PBXFileReference; fileEncoding = 4; lastKnownFileType = sourcecode.cpp.cpp; path = Map.cpp; sourceTree = "<group>"; };
		59262931198AB66500858A67 /* ObjectArrayImpl.cpp */ = {isa = PBXFileReference; fileEncoding = 4; lastKnownFileType = sourcecode.cpp.cpp; path = ObjectArrayImpl.cpp; sourceTree = "<group>"; };
		59262932198AB66500858A67 /* ObjectManger.cpp */ = {isa = PBXFileReference; fileEncoding = 4; lastKnownFileType = sourcecode.cpp.cpp; path = ObjectManger.cpp; sourceTree = "<group>"; };
		59262933198AB66500858A67 /* Pathfinder.cpp */ = {isa = PBXFileReference; fileEncoding = 4; lastKnownFileType = sourcecode.cpp.cpp; path = Pathfinder.cpp; sourceTree = "<group>"; };
		59262934198AB66500858A67 /* Physics.cpp */ = {isa = PBXFileReference; fileEncoding = 4; lastKnownFileType = sourcecode.cpp.cpp; path = Physics.cpp; sourceTree = "<group>"; };
		59262935198AB66500858A67 /* Session.cpp */ = {isa = PBXFileReference; fileEncoding = 4; lastKnownFileType = sourcecode.cpp.cpp; path = Session.cpp; sourceTree = "<group>"; };
		59262936198AB66500858A67 /* Techno.cpp */ = {isa = PBXFileReference; fileEncoding = 4; lastKnownFileType = sourcecode.cpp.cpp; path = Techno.cpp; sourceTree = "<group>"; };
		59262937198AB66500858A67 /* Test.cpp */ = {isa = PBXFileReference; fileEncoding = 4; lastKnownFileType = sourcecode.cpp.cpp; path = Test.cpp; sourceTree = "<group>"; };
		59262939198AB66500858A67 /* Transform.cpp */ = {isa = PBXFileReference; fileEncoding = 4; lastKnownFileType = sourcecode.cpp.cpp; path = Transform.cpp; sourceTree = "<group>"; };
		5926293A198AB66500858A67 /* Type_Abstract.cpp */ = {isa = PBXFileReference; fileEncoding = 4; lastKnownFileType = sourcecode.cpp.cpp; path = Type_Abstract.cpp; sourceTree = "<group>"; };
		5926293B198AB66500858A67 /* Type_Anim.cpp */ = {isa = PBXFileReference; fileEncoding = 4; lastKnownFileType = sourcecode.cpp.cpp; path = Type_Anim.cpp; sourceTree = "<group>"; };
		5926293D198AB66500858A67 /* Type_Techno.cpp */ = {isa = PBXFileReference; fileEncoding = 4; lastKnownFileType = sourcecode.cpp.cpp; path = Type_Techno.cpp; sourceTree = "<group>"; };
		59262968198ABCFA00858A67 /* Externals */ = {isa = PBXFileReference; lastKnownFileType = folder; path = Externals; sourceTree = "<group>"; };
		592859061A37592A00D4AE91 /* graph_def.h */ = {isa = PBXFileReference; fileEncoding = 4; lastKnownFileType = sourcecode.c.h; path = graph_def.h; sourceTree = "<group>"; };
		592859071A37594700D4AE91 /* Gmap_Interface.cpp */ = {isa = PBXFileReference; fileEncoding = 4; lastKnownFileType = sourcecode.cpp.cpp; path = Gmap_Interface.cpp; sourceTree = "<group>"; };
		592859081A37594700D4AE91 /* Gmap_Interface.h */ = {isa = PBXFileReference; fileEncoding = 4; lastKnownFileType = sourcecode.c.h; path = Gmap_Interface.h; sourceTree = "<group>"; };
		5928590A1A375B0900D4AE91 /* bellman_ford.h */ = {isa = PBXFileReference; lastKnownFileType = sourcecode.c.h; path = bellman_ford.h; sourceTree = "<group>"; };
		5928590C1A375F2000D4AE91 /* StdInterface.h */ = {isa = PBXFileReference; fileEncoding = 4; lastKnownFileType = sourcecode.c.h; path = StdInterface.h; sourceTree = "<group>"; };
		593458621A8251F600DE4C28 /* GLShaderExt.cpp */ = {isa = PBXFileReference; fileEncoding = 4; lastKnownFileType = sourcecode.cpp.cpp; path = GLShaderExt.cpp; sourceTree = "<group>"; };
		593458631A8251F600DE4C28 /* GLShaderExt.h */ = {isa = PBXFileReference; fileEncoding = 4; lastKnownFileType = sourcecode.c.h; path = GLShaderExt.h; sourceTree = "<group>"; };
		593458651A8316E000DE4C28 /* TeslaObject.cpp */ = {isa = PBXFileReference; fileEncoding = 4; lastKnownFileType = sourcecode.cpp.cpp; path = TeslaObject.cpp; sourceTree = "<group>"; };
		593458661A8316E000DE4C28 /* TeslaObject.h */ = {isa = PBXFileReference; fileEncoding = 4; lastKnownFileType = sourcecode.c.h; path = TeslaObject.h; sourceTree = "<group>"; };
		593458681A832C8800DE4C28 /* Tesla_Interface.cpp */ = {isa = PBXFileReference; fileEncoding = 4; lastKnownFileType = sourcecode.cpp.cpp; path = Tesla_Interface.cpp; sourceTree = "<group>"; };
		593458691A832C8800DE4C28 /* Tesla_Interface.h */ = {isa = PBXFileReference; fileEncoding = 4; lastKnownFileType = sourcecode.c.h; path = Tesla_Interface.h; sourceTree = "<group>"; };
		5944452D1A75389000941CEB /* CubeTransform.cpp */ = {isa = PBXFileReference; fileEncoding = 4; lastKnownFileType = sourcecode.cpp.cpp; path = CubeTransform.cpp; sourceTree = "<group>"; };
		5944452E1A75389000941CEB /* CubeTransform.h */ = {isa = PBXFileReference; fileEncoding = 4; lastKnownFileType = sourcecode.c.h; path = CubeTransform.h; sourceTree = "<group>"; };
		5945C34F1A99D02D0095EE51 /* WonderlandCommon.cpp */ = {isa = PBXFileReference; fileEncoding = 4; lastKnownFileType = sourcecode.cpp.cpp; path = WonderlandCommon.cpp; sourceTree = "<group>"; };
		5945C3501A99D02D0095EE51 /* WonderlandCommon.h */ = {isa = PBXFileReference; fileEncoding = 4; lastKnownFileType = sourcecode.c.h; path = WonderlandCommon.h; sourceTree = "<group>"; };
		594F23A01A8F6F8100756010 /* BulletDebugShader.h */ = {isa = PBXFileReference; lastKnownFileType = sourcecode.c.h; path = BulletDebugShader.h; sourceTree = "<group>"; };
		5953D4171A90A84F009AD969 /* Wonderland_Interface.cpp */ = {isa = PBXFileReference; fileEncoding = 4; lastKnownFileType = sourcecode.cpp.cpp; path = Wonderland_Interface.cpp; sourceTree = "<group>"; };
		5953D4181A90A84F009AD969 /* Wonderland_Interface.h */ = {isa = PBXFileReference; fileEncoding = 4; lastKnownFileType = sourcecode.c.h; path = Wonderland_Interface.h; sourceTree = "<group>"; };
		595DDC0E198ADD990046919B /* libBulletCollision_xcode4_x64_release.a */ = {isa = PBXFileReference; lastKnownFileType = archive.ar; name = libBulletCollision_xcode4_x64_release.a; path = ../../Assets/Librarys/Bullet/lib/libBulletCollision_xcode4_x64_release.a; sourceTree = "<group>"; };
		595DDC0F198ADD990046919B /* libBulletDynamics_xcode4_x64_release.a */ = {isa = PBXFileReference; lastKnownFileType = archive.ar; name = libBulletDynamics_xcode4_x64_release.a; path = ../../Assets/Librarys/Bullet/lib/libBulletDynamics_xcode4_x64_release.a; sourceTree = "<group>"; };
		595DDC10198ADD990046919B /* libLinearMath_xcode4_x64_release.a */ = {isa = PBXFileReference; lastKnownFileType = archive.ar; name = libLinearMath_xcode4_x64_release.a; path = ../../Assets/Librarys/Bullet/lib/libLinearMath_xcode4_x64_release.a; sourceTree = "<group>"; };
		59725E821A8E015B0010B4F8 /* liblang.a */ = {isa = PBXFileReference; lastKnownFileType = archive.ar; name = liblang.a; path = /usr/local/lib/liblang.a; sourceTree = "<absolute>"; };
		597D223E1A3D95EC006B296B /* HafniumCommon.h */ = {isa = PBXFileReference; lastKnownFileType = sourcecode.c.h; path = HafniumCommon.h; sourceTree = "<group>"; };
		598D1DDC1A3966A70049653B /* RayTest.cpp */ = {isa = PBXFileReference; fileEncoding = 4; lastKnownFileType = sourcecode.cpp.cpp; path = RayTest.cpp; sourceTree = "<group>"; };
		598D1DDD1A3966A70049653B /* RayTest.h */ = {isa = PBXFileReference; fileEncoding = 4; lastKnownFileType = sourcecode.c.h; path = RayTest.h; sourceTree = "<group>"; };
		598D1DDF1A3967FF0049653B /* RayTest_Interface.cpp */ = {isa = PBXFileReference; fileEncoding = 4; lastKnownFileType = sourcecode.cpp.cpp; path = RayTest_Interface.cpp; sourceTree = "<group>"; };
		598D1DE01A3967FF0049653B /* RayTest_Interface.h */ = {isa = PBXFileReference; fileEncoding = 4; lastKnownFileType = sourcecode.c.h; path = RayTest_Interface.h; sourceTree = "<group>"; };
		598E6EED1A6F649E000C68BE /* ModelLoader_obj.cpp */ = {isa = PBXFileReference; fileEncoding = 4; lastKnownFileType = sourcecode.cpp.cpp; path = ModelLoader_obj.cpp; sourceTree = "<group>"; };
		598E6EEE1A6F649E000C68BE /* ModelLoader_obj.h */ = {isa = PBXFileReference; fileEncoding = 4; lastKnownFileType = sourcecode.c.h; path = ModelLoader_obj.h; sourceTree = "<group>"; };
		599985E71A7F3F9900E6CE68 /* ATVBCube.cpp */ = {isa = PBXFileReference; fileEncoding = 4; lastKnownFileType = sourcecode.cpp.cpp; path = ATVBCube.cpp; sourceTree = "<group>"; };
		599985E81A7F3F9900E6CE68 /* ATVBCube.h */ = {isa = PBXFileReference; fileEncoding = 4; lastKnownFileType = sourcecode.c.h; path = ATVBCube.h; sourceTree = "<group>"; };
		599985ED1A7F4BED00E6CE68 /* Startup.cpp */ = {isa = PBXFileReference; fileEncoding = 4; lastKnownFileType = sourcecode.cpp.cpp; path = Startup.cpp; sourceTree = "<group>"; };
		599985EE1A7F4BED00E6CE68 /* Startup.h */ = {isa = PBXFileReference; fileEncoding = 4; lastKnownFileType = sourcecode.c.h; path = Startup.h; sourceTree = "<group>"; };
		599985F01A7F540200E6CE68 /* RaycastVehicle.cpp */ = {isa = PBXFileReference; fileEncoding = 4; lastKnownFileType = sourcecode.cpp.cpp; path = RaycastVehicle.cpp; sourceTree = "<group>"; };
		599985F11A7F540200E6CE68 /* RaycastVehicle.h */ = {isa = PBXFileReference; fileEncoding = 4; lastKnownFileType = sourcecode.c.h; path = RaycastVehicle.h; sourceTree = "<group>"; };
		599985F31A80A7E400E6CE68 /* BulletDebugDraw.cpp */ = {isa = PBXFileReference; fileEncoding = 4; lastKnownFileType = sourcecode.cpp.cpp; path = BulletDebugDraw.cpp; sourceTree = "<group>"; };
		599985F41A80A7E400E6CE68 /* BulletDebugDraw.h */ = {isa = PBXFileReference; fileEncoding = 4; lastKnownFileType = sourcecode.c.h; path = BulletDebugDraw.h; sourceTree = "<group>"; };
		599985F61A80DC0F00E6CE68 /* ConstraintVehicle.cpp */ = {isa = PBXFileReference; fileEncoding = 4; lastKnownFileType = sourcecode.cpp.cpp; path = ConstraintVehicle.cpp; sourceTree = "<group>"; };
		599985F71A80DC0F00E6CE68 /* ConstraintVehicle.h */ = {isa = PBXFileReference; fileEncoding = 4; lastKnownFileType = sourcecode.c.h; path = ConstraintVehicle.h; sourceTree = "<group>"; };
		599985FC1A80DCC600E6CE68 /* BulletVehicle.h */ = {isa = PBXFileReference; fileEncoding = 4; lastKnownFileType = sourcecode.c.h; path = BulletVehicle.h; sourceTree = "<group>"; };
		599985FE1A80DDD700E6CE68 /* BulletVehicle_Interface.cpp */ = {isa = PBXFileReference; fileEncoding = 4; lastKnownFileType = sourcecode.cpp.cpp; path = BulletVehicle_Interface.cpp; sourceTree = "<group>"; };
		599985FF1A80DDD700E6CE68 /* BulletVehicle_Interface.h */ = {isa = PBXFileReference; fileEncoding = 4; lastKnownFileType = sourcecode.c.h; path = BulletVehicle_Interface.h; sourceTree = "<group>"; };
		59B20C441A88AB3300F83F34 /* buildconf.h */ = {isa = PBXFileReference; lastKnownFileType = sourcecode.c.h; path = buildconf.h; sourceTree = "<group>"; };
		59B20C451A88B2C900F83F34 /* cubegl.h */ = {isa = PBXFileReference; lastKnownFileType = sourcecode.c.h; path = cubegl.h; sourceTree = "<group>"; };
		59B9C16D1A7A275E0073E694 /* GProfiler.h */ = {isa = PBXFileReference; lastKnownFileType = sourcecode.c.h; path = GProfiler.h; sourceTree = "<group>"; };
		59BF15F11A837301000DA821 /* TeslaRendering.cpp */ = {isa = PBXFileReference; fileEncoding = 4; lastKnownFileType = sourcecode.cpp.cpp; path = TeslaRendering.cpp; sourceTree = "<group>"; };
		59BF15F21A837301000DA821 /* TeslaRendering.h */ = {isa = PBXFileReference; fileEncoding = 4; lastKnownFileType = sourcecode.c.h; path = TeslaRendering.h; sourceTree = "<group>"; };
		59BF15F41A837A9E000DA821 /* WonderlandFoundation.cpp */ = {isa = PBXFileReference; fileEncoding = 4; lastKnownFileType = sourcecode.cpp.cpp; path = WonderlandFoundation.cpp; sourceTree = "<group>"; };
		59BF15F51A837A9E000DA821 /* WonderlandFoundation.h */ = {isa = PBXFileReference; fileEncoding = 4; lastKnownFileType = sourcecode.c.h; path = WonderlandFoundation.h; sourceTree = "<group>"; };
		59C97B051A77784000AB3F02 /* TeslaBullet.cpp */ = {isa = PBXFileReference; fileEncoding = 4; lastKnownFileType = sourcecode.cpp.cpp; path = TeslaBullet.cpp; sourceTree = "<group>"; };
		59C97B061A77784000AB3F02 /* TeslaBullet.h */ = {isa = PBXFileReference; fileEncoding = 4; lastKnownFileType = sourcecode.c.h; path = TeslaBullet.h; sourceTree = "<group>"; };
		59C97B081A7913C800AB3F02 /* GLShader.cpp */ = {isa = PBXFileReference; fileEncoding = 4; lastKnownFileType = sourcecode.cpp.cpp; path = GLShader.cpp; sourceTree = "<group>"; };
		59C97B091A7913C800AB3F02 /* GLShader.h */ = {isa = PBXFileReference; fileEncoding = 4; lastKnownFileType = sourcecode.c.h; path = GLShader.h; sourceTree = "<group>"; };
		59C97B0B1A7942CA00AB3F02 /* TeslaRenderingBasic.cpp */ = {isa = PBXFileReference; fileEncoding = 4; lastKnownFileType = sourcecode.cpp.cpp; path = TeslaRenderingBasic.cpp; sourceTree = "<group>"; };
		59C97B0C1A7942CA00AB3F02 /* TeslaRenderingBasic.h */ = {isa = PBXFileReference; fileEncoding = 4; lastKnownFileType = sourcecode.c.h; path = TeslaRenderingBasic.h; sourceTree = "<group>"; };
		59CF4DB31A94901D00F61962 /* BulletInterface.cpp */ = {isa = PBXFileReference; fileEncoding = 4; lastKnownFileType = sourcecode.cpp.cpp; path = BulletInterface.cpp; sourceTree = "<group>"; };
		59CF4DB41A94901D00F61962 /* BulletInterface.h */ = {isa = PBXFileReference; fileEncoding = 4; lastKnownFileType = sourcecode.c.h; path = BulletInterface.h; sourceTree = "<group>"; };
		59CF4DB61A9594AF00F61962 /* Path.cpp */ = {isa = PBXFileReference; fileEncoding = 4; lastKnownFileType = sourcecode.cpp.cpp; path = Path.cpp; sourceTree = "<group>"; };
		59CF4DB71A9594AF00F61962 /* Path.h */ = {isa = PBXFileReference; fileEncoding = 4; lastKnownFileType = sourcecode.c.h; path = Path.h; sourceTree = "<group>"; };
		59CF4DB91A959C6A00F61962 /* PathUtils.h */ = {isa = PBXFileReference; lastKnownFileType = sourcecode.c.h; path = PathUtils.h; sourceTree = "<group>"; };
		59CF4DBA1A959F4200F61962 /* PathAux.cpp */ = {isa = PBXFileReference; fileEncoding = 4; lastKnownFileType = sourcecode.cpp.cpp; path = PathAux.cpp; sourceTree = "<group>"; };
		59CF4DBB1A959F4200F61962 /* PathAux.h */ = {isa = PBXFileReference; fileEncoding = 4; lastKnownFileType = sourcecode.c.h; path = PathAux.h; sourceTree = "<group>"; };
		59CF4DBE1A95A0D600F61962 /* PathAux2.h */ = {isa = PBXFileReference; fileEncoding = 4; lastKnownFileType = sourcecode.c.h; path = PathAux2.h; sourceTree = "<group>"; };
		59CF4DC01A95A78000F61962 /* Path_Interface.cpp */ = {isa = PBXFileReference; fileEncoding = 4; lastKnownFileType = sourcecode.cpp.cpp; path = Path_Interface.cpp; sourceTree = "<group>"; };
		59CF4DC11A95A78000F61962 /* Path_Interface.h */ = {isa = PBXFileReference; fileEncoding = 4; lastKnownFileType = sourcecode.c.h; path = Path_Interface.h; sourceTree = "<group>"; };
		59CF4DC31A95A89C00F61962 /* PathCube.cpp */ = {isa = PBXFileReference; fileEncoding = 4; lastKnownFileType = sourcecode.cpp.cpp; path = PathCube.cpp; sourceTree = "<group>"; };
		59CF4DC41A95A89C00F61962 /* PathCube.h */ = {isa = PBXFileReference; fileEncoding = 4; lastKnownFileType = sourcecode.c.h; path = PathCube.h; sourceTree = "<group>"; };
		59CF4DC61A95A9D000F61962 /* Pathway.cpp */ = {isa = PBXFileReference; fileEncoding = 4; lastKnownFileType = sourcecode.cpp.cpp; path = Pathway.cpp; sourceTree = "<group>"; };
		59CF4DC71A95A9D000F61962 /* Pathway.h */ = {isa = PBXFileReference; fileEncoding = 4; lastKnownFileType = sourcecode.c.h; path = Pathway.h; sourceTree = "<group>"; };
		59F431DA1A839A47008795D9 /* GLM_Interface.cpp */ = {isa = PBXFileReference; fileEncoding = 4; lastKnownFileType = sourcecode.cpp.cpp; path = GLM_Interface.cpp; sourceTree = "<group>"; };
		59F431DB1A839A47008795D9 /* GLM_Interface.h */ = {isa = PBXFileReference; fileEncoding = 4; lastKnownFileType = sourcecode.c.h; path = GLM_Interface.h; sourceTree = "<group>"; };
		59F431E51A83AF0F008795D9 /* GritFoundation.cpp */ = {isa = PBXFileReference; fileEncoding = 4; lastKnownFileType = sourcecode.cpp.cpp; path = GritFoundation.cpp; sourceTree = "<group>"; };
		59F431E61A83AF0F008795D9 /* GritFoundation.h */ = {isa = PBXFileReference; fileEncoding = 4; lastKnownFileType = sourcecode.c.h; path = GritFoundation.h; sourceTree = "<group>"; };
		59F5BCAC1A8A0F80006676EC /* libluajit.a */ = {isa = PBXFileReference; lastKnownFileType = archive.ar; name = libluajit.a; path = /usr/local/lib/libluajit.a; sourceTree = "<absolute>"; };
		59F5BCAF1A8A37D7006676EC /* ZephyrCommon.h */ = {isa = PBXFileReference; lastKnownFileType = sourcecode.c.h; path = ZephyrCommon.h; sourceTree = "<group>"; };
		59F5BCB01A8A38A8006676EC /* ZephyrCore.h */ = {isa = PBXFileReference; lastKnownFileType = sourcecode.c.h; path = ZephyrCore.h; sourceTree = "<group>"; };
		59F5BCB11A8A39E5006676EC /* ZephyrCheck.cpp */ = {isa = PBXFileReference; fileEncoding = 4; lastKnownFileType = sourcecode.cpp.cpp; path = ZephyrCheck.cpp; sourceTree = "<group>"; };
		59F5BCB21A8A39E5006676EC /* ZephyrCheck.h */ = {isa = PBXFileReference; fileEncoding = 4; lastKnownFileType = sourcecode.c.h; path = ZephyrCheck.h; sourceTree = "<group>"; };
		59F5BCB41A8B9657006676EC /* SilconSprite.cpp */ = {isa = PBXFileReference; fileEncoding = 4; lastKnownFileType = sourcecode.cpp.cpp; path = SilconSprite.cpp; sourceTree = "<group>"; };
		59F5BCB51A8B9657006676EC /* SilconSprite.h */ = {isa = PBXFileReference; fileEncoding = 4; lastKnownFileType = sourcecode.c.h; path = SilconSprite.h; sourceTree = "<group>"; };
		59F5BCB71A8B9E4F006676EC /* SilconShader.cpp */ = {isa = PBXFileReference; fileEncoding = 4; lastKnownFileType = sourcecode.cpp.cpp; path = SilconShader.cpp; sourceTree = "<group>"; };
		59F5BCB81A8B9E4F006676EC /* SilconShader.h */ = {isa = PBXFileReference; fileEncoding = 4; lastKnownFileType = sourcecode.c.h; path = SilconShader.h; sourceTree = "<group>"; };
		59F5BCBA1A8B9F72006676EC /* GLShaderExtDef.h */ = {isa = PBXFileReference; lastKnownFileType = sourcecode.c.h; path = GLShaderExtDef.h; sourceTree = "<group>"; };
		59F5BCBB1A8BA1F5006676EC /* SilconCommon.h */ = {isa = PBXFileReference; lastKnownFileType = sourcecode.c.h; path = SilconCommon.h; sourceTree = "<group>"; };
		59F5BCBC1A8C91F1006676EC /* Silcon.cpp */ = {isa = PBXFileReference; fileEncoding = 4; lastKnownFileType = sourcecode.cpp.cpp; path = Silcon.cpp; sourceTree = "<group>"; };
		59F5BCBD1A8C91F1006676EC /* Silcon.h */ = {isa = PBXFileReference; fileEncoding = 4; lastKnownFileType = sourcecode.c.h; path = Silcon.h; sourceTree = "<group>"; };
		59F5BCC31A8DFFE4006676EC /* binded_attr.o */ = {isa = PBXFileReference; lastKnownFileType = "compiled.mach-o.objfile"; name = binded_attr.o; path = tmp/binded_attr.o; sourceTree = "<group>"; };
		59F5BCC41A8DFFE4006676EC /* ttter.o */ = {isa = PBXFileReference; lastKnownFileType = "compiled.mach-o.objfile"; name = ttter.o; path = tmp/ttter.o; sourceTree = "<group>"; };
		59F5BCC51A8DFFE4006676EC /* composer.o */ = {isa = PBXFileReference; lastKnownFileType = "compiled.mach-o.objfile"; name = composer.o; path = tmp/composer.o; sourceTree = "<group>"; };
		59FCB5091A84850C0048D776 /* GritAStar.cpp */ = {isa = PBXFileReference; fileEncoding = 4; lastKnownFileType = sourcecode.cpp.cpp; path = GritAStar.cpp; sourceTree = "<group>"; };
		59FCB50A1A84850C0048D776 /* GritAStar.h */ = {isa = PBXFileReference; fileEncoding = 4; lastKnownFileType = sourcecode.c.h; path = GritAStar.h; sourceTree = "<group>"; };
		59FCB50C1A8488030048D776 /* GritMath.h */ = {isa = PBXFileReference; fileEncoding = 4; lastKnownFileType = sourcecode.c.h; path = GritMath.h; sourceTree = "<group>"; };
		59FCB50D1A84A3C90048D776 /* Grit_Interface.cpp */ = {isa = PBXFileReference; fileEncoding = 4; lastKnownFileType = sourcecode.cpp.cpp; path = Grit_Interface.cpp; sourceTree = "<group>"; };
		59FCB50E1A84A3C90048D776 /* Grit_Interface.h */ = {isa = PBXFileReference; fileEncoding = 4; lastKnownFileType = sourcecode.c.h; path = Grit_Interface.h; sourceTree = "<group>"; };
		59FCB5101A84A5DB0048D776 /* StdInterface.cpp */ = {isa = PBXFileReference; fileEncoding = 4; lastKnownFileType = sourcecode.cpp.cpp; path = StdInterface.cpp; sourceTree = "<group>"; };
		59FCB5131A85B1030048D776 /* Platform.h */ = {isa = PBXFileReference; fileEncoding = 4; lastKnownFileType = sourcecode.c.h; path = Platform.h; sourceTree = "<group>"; };
		59FCB5151A85B2120048D776 /* Timer.cpp */ = {isa = PBXFileReference; fileEncoding = 4; lastKnownFileType = sourcecode.cpp.cpp; path = Timer.cpp; sourceTree = "<group>"; };
		59FCB5161A85B2120048D776 /* Timer.h */ = {isa = PBXFileReference; fileEncoding = 4; lastKnownFileType = sourcecode.c.h; path = Timer.h; sourceTree = "<group>"; };
		59FCB5181A85BBD80048D776 /* Version.h */ = {isa = PBXFileReference; lastKnownFileType = sourcecode.c.h; path = Version.h; sourceTree = "<group>"; };
		59FCBF2D1A713D8500BEF905 /* Atheverybeginning.cpp */ = {isa = PBXFileReference; fileEncoding = 4; lastKnownFileType = sourcecode.cpp.cpp; path = Atheverybeginning.cpp; sourceTree = "<group>"; };
		59FCBF2E1A713D8500BEF905 /* Atheverybeginning.h */ = {isa = PBXFileReference; fileEncoding = 4; lastKnownFileType = sourcecode.c.h; path = Atheverybeginning.h; sourceTree = "<group>"; };
		59FCBF301A7273AA00BEF905 /* atheverybeginning.lunc */ = {isa = PBXFileReference; fileEncoding = 4; lastKnownFileType = text; path = atheverybeginning.lunc; sourceTree = "<group>"; };
		59FCBF341A73673100BEF905 /* FSM.cpp */ = {isa = PBXFileReference; fileEncoding = 4; lastKnownFileType = sourcecode.cpp.cpp; path = FSM.cpp; sourceTree = "<group>"; };
		59FCBF351A73673100BEF905 /* FSMLogger.h */ = {isa = PBXFileReference; fileEncoding = 4; lastKnownFileType = sourcecode.c.h; path = FSMLogger.h; sourceTree = "<group>"; };
		59FCBF381A73A04C00BEF905 /* FSMHelper.h */ = {isa = PBXFileReference; lastKnownFileType = sourcecode.c.h; path = FSMHelper.h; sourceTree = "<group>"; };
		59FCBF391A73A07200BEF905 /* FSMStream.h */ = {isa = PBXFileReference; lastKnownFileType = sourcecode.c.h; path = FSMStream.h; sourceTree = "<group>"; };
		59FCBF3A1A73A0F600BEF905 /* FSMProxyTemplates.h */ = {isa = PBXFileReference; lastKnownFileType = sourcecode.c.h; path = FSMProxyTemplates.h; sourceTree = "<group>"; };
		59FCBF3B1A73A11C00BEF905 /* FSMCommon.h */ = {isa = PBXFileReference; lastKnownFileType = sourcecode.c.h; path = FSMCommon.h; sourceTree = "<group>"; };
		59FCBF3C1A73A26300BEF905 /* FSM.h */ = {isa = PBXFileReference; lastKnownFileType = sourcecode.c.h; path = FSM.h; sourceTree = "<group>"; };
		59FCBF3D1A73B8E200BEF905 /* BulletThread.cpp */ = {isa = PBXFileReference; fileEncoding = 4; lastKnownFileType = sourcecode.cpp.cpp; path = BulletThread.cpp; sourceTree = "<group>"; };
		59FCBF3E1A73B8E200BEF905 /* BulletThread.h */ = {isa = PBXFileReference; fileEncoding = 4; lastKnownFileType = sourcecode.c.h; path = BulletThread.h; sourceTree = "<group>"; };
		59FCBF411A73CA5700BEF905 /* Acheron.cpp */ = {isa = PBXFileReference; fileEncoding = 4; lastKnownFileType = sourcecode.cpp.cpp; path = Acheron.cpp; sourceTree = "<group>"; };
		59FCBF421A73CA5700BEF905 /* Acheron.h */ = {isa = PBXFileReference; fileEncoding = 4; lastKnownFileType = sourcecode.c.h; path = Acheron.h; sourceTree = "<group>"; };
		59FCBF441A73CBEC00BEF905 /* SilconThread.cpp */ = {isa = PBXFileReference; fileEncoding = 4; lastKnownFileType = sourcecode.cpp.cpp; path = SilconThread.cpp; sourceTree = "<group>"; };
		59FCBF451A73CBEC00BEF905 /* SilconThread.h */ = {isa = PBXFileReference; fileEncoding = 4; lastKnownFileType = sourcecode.c.h; path = SilconThread.h; sourceTree = "<group>"; };
		59FCBF491A74840E00BEF905 /* GLFoundation.cpp */ = {isa = PBXFileReference; fileEncoding = 4; lastKnownFileType = sourcecode.cpp.cpp; path = GLFoundation.cpp; sourceTree = "<group>"; };
		59FCBF4A1A74840E00BEF905 /* GLFoundation.h */ = {isa = PBXFileReference; fileEncoding = 4; lastKnownFileType = sourcecode.c.h; path = GLFoundation.h; sourceTree = "<group>"; };
/* End PBXFileReference section */

/* Begin PBXFrameworksBuildPhase section */
		59262A3B198AD35000858A67 /* Frameworks */ = {
			isa = PBXFrameworksBuildPhase;
			buildActionMask = 2147483647;
			files = (
				59F5BCC61A8DFFE4006676EC /* binded_attr.o in Frameworks */,
				59F5BCC71A8DFFE4006676EC /* ttter.o in Frameworks */,
				59F5BCC81A8DFFE4006676EC /* composer.o in Frameworks */,
				59F5BCBF1A8DFFE3006676EC /* components.o in Frameworks */,
				59F5BCC01A8DFFE3006676EC /* Placeholders.o in Frameworks */,
				59F5BCC11A8DFFE3006676EC /* object.o in Frameworks */,
				59F5BCC21A8DFFE3006676EC /* Helpers.o in Frameworks */,
				59725E831A8E015B0010B4F8 /* liblang.a in Frameworks */,
				59F5BCAD1A8A0F80006676EC /* libluajit.a in Frameworks */,
				591201C71A6D1DA500ECB42A /* OpenGL.framework in Frameworks */,
				591201C11A6D078900ECB42A /* libsfml-window.2.2.0.dylib in Frameworks */,
				591201C51A6D1D9F00ECB42A /* libsfml-graphics.2.2.0.dylib in Frameworks */,
				591201C21A6D078900ECB42A /* libsfml-system.2.2.0.dylib in Frameworks */,
				595DDC12198ADD990046919B /* libBulletDynamics_xcode4_x64_release.a in Frameworks */,
				595DDC11198ADD990046919B /* libBulletCollision_xcode4_x64_release.a in Frameworks */,
				595DDC13198ADD990046919B /* libLinearMath_xcode4_x64_release.a in Frameworks */,
			);
			runOnlyForDeploymentPostprocessing = 0;
		};
/* End PBXFrameworksBuildPhase section */

/* Begin PBXGroup section */
		591064091A88FEF400C6A901 /* jit */ = {
			isa = PBXGroup;
			children = (
				59F5BCC31A8DFFE4006676EC /* binded_attr.o */,
				59F5BCC41A8DFFE4006676EC /* ttter.o */,
				59F5BCC51A8DFFE4006676EC /* composer.o */,
				591064071A88FEEA00C6A901 /* Helpers.o */,
				591063FC1A88FD7A00C6A901 /* components.o */,
				591063FD1A88FD7A00C6A901 /* object.o */,
				591063FE1A88FD7A00C6A901 /* Placeholders.o */,
			);
			name = jit;
			sourceTree = "<group>";
		};
		591064171A89302100C6A901 /* Acheron */ = {
			isa = PBXGroup;
			children = (
				59FCBF421A73CA5700BEF905 /* Acheron.h */,
				59FCBF411A73CA5700BEF905 /* Acheron.cpp */,
				5910640E1A890EC400C6A901 /* AcheronGCD.h */,
				591064111A8912E100C6A901 /* AcheronCube.h */,
				591064141A89151000C6A901 /* Acheron_Interface.h */,
				5910640D1A890EC400C6A901 /* AcheronGCD.cpp */,
				591064101A8912E100C6A901 /* AcheronCube.cpp */,
				591064131A89151000C6A901 /* Acheron_Interface.cpp */,
			);
			name = Acheron;
			sourceTree = "<group>";
		};
		5923C8D819D00E8B0055E0D5 /* Silcon */ = {
			isa = PBXGroup;
			children = (
				59F5BCBB1A8BA1F5006676EC /* SilconCommon.h */,
				59F5BCBD1A8C91F1006676EC /* Silcon.h */,
				59F5BCBC1A8C91F1006676EC /* Silcon.cpp */,
				59F5BCB51A8B9657006676EC /* SilconSprite.h */,
				59F5BCB41A8B9657006676EC /* SilconSprite.cpp */,
				59F5BCB81A8B9E4F006676EC /* SilconShader.h */,
				59F5BCB71A8B9E4F006676EC /* SilconShader.cpp */,
				5926291D198AB66500858A67 /* RenderElement.h */,
				5923C8DC19D00F730055E0D5 /* RenderElementsContainer.h */,
				5923C8D919D00EB90055E0D5 /* RenderElement.cpp */,
				59FCBF451A73CBEC00BEF905 /* SilconThread.h */,
				59FCBF441A73CBEC00BEF905 /* SilconThread.cpp */,
			);
			name = Silcon;
			sourceTree = "<group>";
		};
		5923C8DE19D0164B0055E0D5 /* Hafnium */ = {
			isa = PBXGroup;
			children = (
				597D223E1A3D95EC006B296B /* HafniumCommon.h */,
				591064161A89228700C6A901 /* CallbackRef.h */,
				59262911198AB66500858A67 /* LuaInterface.h */,
				59262912198AB66500858A67 /* LuaUtils.h */,
				5926292D198AB66500858A67 /* LuaInterface.cpp */,
				5926292E198AB66500858A67 /* LuaUtils.cpp */,
				5928590C1A375F2000D4AE91 /* StdInterface.h */,
				59FCB5101A84A5DB0048D776 /* StdInterface.cpp */,
				59F431DB1A839A47008795D9 /* GLM_Interface.h */,
				59F431DA1A839A47008795D9 /* GLM_Interface.cpp */,
				5923C8E819D027480055E0D5 /* LWindow.h */,
			);
			name = Hafnium;
			sourceTree = "<group>";
		};
		5923C8E519D0225A0055E0D5 /* Obsoleted */ = {
			isa = PBXGroup;
			children = (
				59262910198AB66500858A67 /* Debug_old.h */,
				5916925F1A3E11D2001D4D35 /* SFLineShape.h */,
				5916925E1A3E11D2001D4D35 /* SFLineShape.cpp */,
				5926292C198AB66500858A67 /* Debug_old.cpp */,
			);
			name = Obsoleted;
			sourceTree = "<group>";
		};
		5923C8E619D026CE0055E0D5 /* Bullet */ = {
			isa = PBXGroup;
			children = (
				5926291C198AB66500858A67 /* PhysicsCommon.h */,
				5923C8ED19D02A3D0055E0D5 /* PhysicsGeneral.h */,
				5926291A198AB66500858A67 /* Physics.h */,
				59262914198AB66500858A67 /* MotionStateTest.h */,
				5926291B198AB66500858A67 /* PhysicsCheck.h */,
				59262934198AB66500858A67 /* Physics.cpp */,
				5923C8EE19D02A5E0055E0D5 /* PhysicsGeneral.cpp */,
				59FCBF3E1A73B8E200BEF905 /* BulletThread.h */,
				59FCBF3D1A73B8E200BEF905 /* BulletThread.cpp */,
				599985F41A80A7E400E6CE68 /* BulletDebugDraw.h */,
				594F23A01A8F6F8100756010 /* BulletDebugShader.h */,
				599985F31A80A7E400E6CE68 /* BulletDebugDraw.cpp */,
				59CF4DB41A94901D00F61962 /* BulletInterface.h */,
				59CF4DB31A94901D00F61962 /* BulletInterface.cpp */,
				599985FA1A80DC7100E6CE68 /* RayTest */,
				599985F91A80DC5F00E6CE68 /* Vehicle */,
			);
			name = Bullet;
			sourceTree = "<group>";
		};
		592628F5198AB62300858A67 = {
			isa = PBXGroup;
			children = (
				591064091A88FEF400C6A901 /* jit */,
				59F431E21A83AC45008795D9 /* lib */,
				59262900198AB62300858A67 /* src */,
				59262968198ABCFA00858A67 /* Externals */,
				592628FF198AB62300858A67 /* Products */,
			);
			sourceTree = "<group>";
		};
		592628FF198AB62300858A67 /* Products */ = {
			isa = PBXGroup;
			children = (
				592628FE198AB62300858A67 /* MarXsCube */,
			);
			name = Products;
			sourceTree = "<group>";
		};
		59262900198AB62300858A67 /* src */ = {
			isa = PBXGroup;
			children = (
				591064171A89302100C6A901 /* Acheron */,
				59FCBF311A72818100BEF905 /* AtTheVeryBeginning */,
				5923C8E619D026CE0055E0D5 /* Bullet */,
				5932C84619D00C6800135717 /* Common */,
				59F431E01A83AC0E008795D9 /* CubeCore */,
				59FCBF371A73674300BEF905 /* FSM */,
				592859051A37590A00D4AE91 /* Gmap */,
				59F431E41A83AD12008795D9 /* Grit */,
				5923C8DE19D0164B0055E0D5 /* Hafnium */,
				59F431DF1A83AB85008795D9 /* Misc */,
				5923C8D819D00E8B0055E0D5 /* Silcon */,
				59BF15F01A837202000DA821 /* Tesla */,
				59F431E11A83AC31008795D9 /* Transform */,
				59F431DD1A83A92D008795D9 /* Verdandi */,
				59F431DE1A83A944008795D9 /* Wonderland */,
				5923C8E519D0225A0055E0D5 /* Obsoleted */,
				59F5BCAE1A8A37C4006676EC /* Zephyr */,
				5926290F198AB66500858A67 /* Config.h */,
				59262913198AB66500858A67 /* Map.h */,
				59262916198AB66500858A67 /* ObjectArray.h */,
				59262917198AB66500858A67 /* ObjectManger.h */,
				59262918198AB66500858A67 /* ObjectTypeArray.h */,
				5926291E198AB66500858A67 /* Session.h */,
				5926292B198AB66500858A67 /* Config.cpp */,
				5926292F198AB66500858A67 /* Map.cpp */,
				59262931198AB66500858A67 /* ObjectArrayImpl.cpp */,
				59262932198AB66500858A67 /* ObjectManger.cpp */,
				59262935198AB66500858A67 /* Session.cpp */,
				599985EE1A7F4BED00E6CE68 /* Startup.h */,
				599985ED1A7F4BED00E6CE68 /* Startup.cpp */,
				59262937198AB66500858A67 /* Test.cpp */,
			);
			path = src;
			sourceTree = "<group>";
		};
		592859051A37590A00D4AE91 /* Gmap */ = {
			isa = PBXGroup;
			children = (
				592859061A37592A00D4AE91 /* graph_def.h */,
				5928590A1A375B0900D4AE91 /* bellman_ford.h */,
				592859081A37594700D4AE91 /* Gmap_Interface.h */,
				592859071A37594700D4AE91 /* Gmap_Interface.cpp */,
			);
			name = Gmap;
			sourceTree = "<group>";
		};
		5932C84619D00C6800135717 /* Common */ = {
			isa = PBXGroup;
			children = (
				5926290E198AB66500858A67 /* Common.h */,
				5926291F198AB66500858A67 /* SFML.h */,
				5926292A198AB66500858A67 /* Common.cpp */,
			);
			name = Common;
			sourceTree = "<group>";
		};
		599985F91A80DC5F00E6CE68 /* Vehicle */ = {
			isa = PBXGroup;
			children = (
				599985FC1A80DCC600E6CE68 /* BulletVehicle.h */,
				599985F11A7F540200E6CE68 /* RaycastVehicle.h */,
				599985F71A80DC0F00E6CE68 /* ConstraintVehicle.h */,
				599985F01A7F540200E6CE68 /* RaycastVehicle.cpp */,
				599985F61A80DC0F00E6CE68 /* ConstraintVehicle.cpp */,
				599985FF1A80DDD700E6CE68 /* BulletVehicle_Interface.h */,
				599985FE1A80DDD700E6CE68 /* BulletVehicle_Interface.cpp */,
			);
			name = Vehicle;
			sourceTree = "<group>";
		};
		599985FA1A80DC7100E6CE68 /* RayTest */ = {
			isa = PBXGroup;
			children = (
				598D1DDD1A3966A70049653B /* RayTest.h */,
				598D1DDC1A3966A70049653B /* RayTest.cpp */,
				598D1DE01A3967FF0049653B /* RayTest_Interface.h */,
				598D1DDF1A3967FF0049653B /* RayTest_Interface.cpp */,
			);
			name = RayTest;
			sourceTree = "<group>";
		};
		59BF15F01A837202000DA821 /* Tesla */ = {
			isa = PBXGroup;
			children = (
				59C97B0C1A7942CA00AB3F02 /* TeslaRenderingBasic.h */,
				59C97B0B1A7942CA00AB3F02 /* TeslaRenderingBasic.cpp */,
				59C97B061A77784000AB3F02 /* TeslaBullet.h */,
				59C97B051A77784000AB3F02 /* TeslaBullet.cpp */,
				593458661A8316E000DE4C28 /* TeslaObject.h */,
				593458651A8316E000DE4C28 /* TeslaObject.cpp */,
				59BF15F21A837301000DA821 /* TeslaRendering.h */,
				59BF15F11A837301000DA821 /* TeslaRendering.cpp */,
				593458691A832C8800DE4C28 /* Tesla_Interface.h */,
				593458681A832C8800DE4C28 /* Tesla_Interface.cpp */,
			);
			name = Tesla;
			sourceTree = "<group>";
		};
		59CF4DC91A95B35900F61962 /* Path */ = {
			isa = PBXGroup;
			children = (
				59CF4DB71A9594AF00F61962 /* Path.h */,
				59CF4DB61A9594AF00F61962 /* Path.cpp */,
				59CF4DC71A95A9D000F61962 /* Pathway.h */,
				59CF4DC61A95A9D000F61962 /* Pathway.cpp */,
				59CF4DBB1A959F4200F61962 /* PathAux.h */,
				59CF4DBE1A95A0D600F61962 /* PathAux2.h */,
				59CF4DBA1A959F4200F61962 /* PathAux.cpp */,
				59CF4DB91A959C6A00F61962 /* PathUtils.h */,
				59CF4DC41A95A89C00F61962 /* PathCube.h */,
				59CF4DC31A95A89C00F61962 /* PathCube.cpp */,
				59CF4DC11A95A78000F61962 /* Path_Interface.h */,
				59CF4DC01A95A78000F61962 /* Path_Interface.cpp */,
			);
			name = Path;
			sourceTree = "<group>";
		};
		59F431DD1A83A92D008795D9 /* Verdandi */ = {
			isa = PBXGroup;
			children = (
				59B20C451A88B2C900F83F34 /* cubegl.h */,
				598E6EEE1A6F649E000C68BE /* ModelLoader_obj.h */,
				598E6EED1A6F649E000C68BE /* ModelLoader_obj.cpp */,
				59C97B091A7913C800AB3F02 /* GLShader.h */,
				59C97B081A7913C800AB3F02 /* GLShader.cpp */,
				593458631A8251F600DE4C28 /* GLShaderExt.h */,
				59F5BCBA1A8B9F72006676EC /* GLShaderExtDef.h */,
				593458621A8251F600DE4C28 /* GLShaderExt.cpp */,
				59FCBF4A1A74840E00BEF905 /* GLFoundation.h */,
				59FCBF491A74840E00BEF905 /* GLFoundation.cpp */,
			);
			name = Verdandi;
			sourceTree = "<group>";
		};
		59F431DE1A83A944008795D9 /* Wonderland */ = {
			isa = PBXGroup;
			children = (
				5945C3501A99D02D0095EE51 /* WonderlandCommon.h */,
				5945C34F1A99D02D0095EE51 /* WonderlandCommon.cpp */,
				59BF15F51A837A9E000DA821 /* WonderlandFoundation.h */,
				59BF15F41A837A9E000DA821 /* WonderlandFoundation.cpp */,
				5953D4181A90A84F009AD969 /* Wonderland_Interface.h */,
				5953D4171A90A84F009AD969 /* Wonderland_Interface.cpp */,
			);
			name = Wonderland;
			sourceTree = "<group>";
		};
		59F431DF1A83AB85008795D9 /* Misc */ = {
			isa = PBXGroup;
			children = (
				59B20C441A88AB3300F83F34 /* buildconf.h */,
				59FCB5131A85B1030048D776 /* Platform.h */,
				59FCB5181A85BBD80048D776 /* Version.h */,
				59FCB5161A85B2120048D776 /* Timer.h */,
				59FCB5151A85B2120048D776 /* Timer.cpp */,
				59B9C16D1A7A275E0073E694 /* GProfiler.h */,
				59262919198AB66500858A67 /* Pathfinder.h */,
				5923C8E319D01EE60055E0D5 /* Generic.h */,
				5923C8E219D01EE60055E0D5 /* Generic.cpp */,
				59262933198AB66500858A67 /* Pathfinder.cpp */,
			);
			name = Misc;
			sourceTree = "<group>";
		};
		59F431E01A83AC0E008795D9 /* CubeCore */ = {
			isa = PBXGroup;
			children = (
				5926290A198AB66500858A67 /* Abstract.h */,
				5926290B198AB66500858A67 /* Anim.h */,
				5926290D198AB66500858A67 /* Cell.h */,
				59262915198AB66500858A67 /* Object.h */,
				59262920198AB66500858A67 /* Techno.h */,
				59262922198AB66500858A67 /* Type_Abstract.h */,
				59262923198AB66500858A67 /* Type_Anim.h */,
				59262924198AB66500858A67 /* Type_Object.h */,
				59262925198AB66500858A67 /* Type_Techno.h */,
				59262926198AB66500858A67 /* Abstract.cpp */,
				59262927198AB66500858A67 /* Anim.cpp */,
				59262929198AB66500858A67 /* Cell.cpp */,
				59262936198AB66500858A67 /* Techno.cpp */,
				5926293A198AB66500858A67 /* Type_Abstract.cpp */,
				5926293B198AB66500858A67 /* Type_Anim.cpp */,
				5926293D198AB66500858A67 /* Type_Techno.cpp */,
			);
			name = CubeCore;
			sourceTree = "<group>";
		};
		59F431E11A83AC31008795D9 /* Transform */ = {
			isa = PBXGroup;
			children = (
				59262921198AB66500858A67 /* Transform.h */,
				59262939198AB66500858A67 /* Transform.cpp */,
				5944452E1A75389000941CEB /* CubeTransform.h */,
				5944452D1A75389000941CEB /* CubeTransform.cpp */,
			);
			name = Transform;
			sourceTree = "<group>";
		};
		59F431E21A83AC45008795D9 /* lib */ = {
			isa = PBXGroup;
			children = (
				59F5BCAC1A8A0F80006676EC /* libluajit.a */,
				59725E821A8E015B0010B4F8 /* liblang.a */,
				591201C61A6D1DA500ECB42A /* OpenGL.framework */,
				591201BD1A6D078900ECB42A /* libsfml-graphics.2.2.0.dylib */,
				591201BE1A6D078900ECB42A /* libsfml-window.2.2.0.dylib */,
				591201BF1A6D078900ECB42A /* libsfml-system.2.2.0.dylib */,
				595DDC0E198ADD990046919B /* libBulletCollision_xcode4_x64_release.a */,
				595DDC0F198ADD990046919B /* libBulletDynamics_xcode4_x64_release.a */,
				595DDC10198ADD990046919B /* libLinearMath_xcode4_x64_release.a */,
			);
			name = lib;
			sourceTree = "<group>";
		};
		59F431E41A83AD12008795D9 /* Grit */ = {
			isa = PBXGroup;
			children = (
				59CF4DC91A95B35900F61962 /* Path */,
				59FCB50C1A8488030048D776 /* GritMath.h */,
				59F431E61A83AF0F008795D9 /* GritFoundation.h */,
				59F431E51A83AF0F008795D9 /* GritFoundation.cpp */,
				59FCB50A1A84850C0048D776 /* GritAStar.h */,
				59FCB5091A84850C0048D776 /* GritAStar.cpp */,
				59FCB50E1A84A3C90048D776 /* Grit_Interface.h */,
				59FCB50D1A84A3C90048D776 /* Grit_Interface.cpp */,
			);
			name = Grit;
			sourceTree = "<group>";
		};
		59F5BCAE1A8A37C4006676EC /* Zephyr */ = {
			isa = PBXGroup;
			children = (
				59F5BCAF1A8A37D7006676EC /* ZephyrCommon.h */,
				59F5BCB01A8A38A8006676EC /* ZephyrCore.h */,
				59F5BCB21A8A39E5006676EC /* ZephyrCheck.h */,
				59F5BCB11A8A39E5006676EC /* ZephyrCheck.cpp */,
			);
			name = Zephyr;
			sourceTree = "<group>";
		};
		59FCBF311A72818100BEF905 /* AtTheVeryBeginning */ = {
			isa = PBXGroup;
			children = (
				59FCBF2E1A713D8500BEF905 /* Atheverybeginning.h */,
				59FCBF2D1A713D8500BEF905 /* Atheverybeginning.cpp */,
				59FCBF301A7273AA00BEF905 /* atheverybeginning.lunc */,
				599985E81A7F3F9900E6CE68 /* ATVBCube.h */,
				599985E71A7F3F9900E6CE68 /* ATVBCube.cpp */,
			);
			name = AtTheVeryBeginning;
			sourceTree = "<group>";
		};
		59FCBF371A73674300BEF905 /* FSM */ = {
			isa = PBXGroup;
			children = (
				59FCBF3C1A73A26300BEF905 /* FSM.h */,
				59FCBF3B1A73A11C00BEF905 /* FSMCommon.h */,
				59FCBF351A73673100BEF905 /* FSMLogger.h */,
				59FCBF391A73A07200BEF905 /* FSMStream.h */,
				59FCBF3A1A73A0F600BEF905 /* FSMProxyTemplates.h */,
				59FCBF381A73A04C00BEF905 /* FSMHelper.h */,
				59FCBF341A73673100BEF905 /* FSM.cpp */,
			);
			name = FSM;
			sourceTree = "<group>";
		};
/* End PBXGroup section */

/* Begin PBXNativeTarget section */
		592628FD198AB62300858A67 /* MarXsCube */ = {
			isa = PBXNativeTarget;
			buildConfigurationList = 59262907198AB62300858A67 /* Build configuration list for PBXNativeTarget "MarXsCube" */;
			buildPhases = (
				592628FA198AB62300858A67 /* Sources */,
				59262A3B198AD35000858A67 /* Frameworks */,
				592628FC198AB62300858A67 /* CopyFiles */,
			);
			buildRules = (
			);
			dependencies = (
			);
			name = MarXsCube;
			productName = MarXsCube;
			productReference = 592628FE198AB62300858A67 /* MarXsCube */;
			productType = "com.apple.product-type.tool";
		};
/* End PBXNativeTarget section */

/* Begin PBXProject section */
		592628F6198AB62300858A67 /* Project object */ = {
			isa = PBXProject;
			attributes = {
				LastUpgradeCheck = 0610;
				ORGANIZATIONNAME = "MarXsCube Staff";
			};
			buildConfigurationList = 592628F9198AB62300858A67 /* Build configuration list for PBXProject "MarXsCube" */;
			compatibilityVersion = "Xcode 3.2";
			developmentRegion = English;
			hasScannedForEncodings = 0;
			knownRegions = (
				en,
			);
			mainGroup = 592628F5198AB62300858A67;
			productRefGroup = 592628FF198AB62300858A67 /* Products */;
			projectDirPath = "";
			projectRoot = "";
			targets = (
				592628FD198AB62300858A67 /* MarXsCube */,
			);
		};
/* End PBXProject section */

/* Begin PBXSourcesBuildPhase section */
		592628FA198AB62300858A67 /* Sources */ = {
			isa = PBXSourcesBuildPhase;
			buildActionMask = 2147483647;
			files = (
				591064151A89151000C6A901 /* Acheron_Interface.cpp in Sources */,
				591064121A8912E100C6A901 /* AcheronCube.cpp in Sources */,
				598D1DDE1A3966A70049653B /* RayTest.cpp in Sources */,
				599985F51A80A7E400E6CE68 /* BulletDebugDraw.cpp in Sources */,
				598D1DE11A3967FF0049653B /* RayTest_Interface.cpp in Sources */,
				599986001A80DDD700E6CE68 /* BulletVehicle_Interface.cpp in Sources */,
				5926294D198AB66500858A67 /* Session.cpp in Sources */,
				5926294B198AB66500858A67 /* Pathfinder.cpp in Sources */,
				593458671A8316E000DE4C28 /* TeslaObject.cpp in Sources */,
				5926293F198AB66500858A67 /* Anim.cpp in Sources */,
				59FCBF2F1A713D8500BEF905 /* Atheverybeginning.cpp in Sources */,
				592859091A37594700D4AE91 /* Gmap_Interface.cpp in Sources */,
				59262941198AB66500858A67 /* Cell.cpp in Sources */,
				59CF4DBC1A959F4200F61962 /* PathAux.cpp in Sources */,
				5945C3511A99D02D0095EE51 /* WonderlandCommon.cpp in Sources */,
				5910640F1A890EC400C6A901 /* AcheronGCD.cpp in Sources */,
				5923C8DA19D00EB90055E0D5 /* RenderElement.cpp in Sources */,
				59F431E71A83AF0F008795D9 /* GritFoundation.cpp in Sources */,
				5926294E198AB66500858A67 /* Techno.cpp in Sources */,
				59C97B0A1A7913C800AB3F02 /* GLShader.cpp in Sources */,
				5944452F1A75389000941CEB /* CubeTransform.cpp in Sources */,
				598E6EEF1A6F649E000C68BE /* ModelLoader_obj.cpp in Sources */,
				5926294A198AB66500858A67 /* ObjectManger.cpp in Sources */,
				59CF4DC21A95A78000F61962 /* Path_Interface.cpp in Sources */,
				59262953198AB66500858A67 /* Type_Anim.cpp in Sources */,
				59CF4DC81A95A9D000F61962 /* Pathway.cpp in Sources */,
				59262944198AB66500858A67 /* Debug_old.cpp in Sources */,
				59CF4DC51A95A89C00F61962 /* PathCube.cpp in Sources */,
				59FCBF461A73CBEC00BEF905 /* SilconThread.cpp in Sources */,
				59FCBF361A73673100BEF905 /* FSM.cpp in Sources */,
				59C97B071A77784000AB3F02 /* TeslaBullet.cpp in Sources */,
				59262949198AB66500858A67 /* ObjectArrayImpl.cpp in Sources */,
				593458641A8251F600DE4C28 /* GLShaderExt.cpp in Sources */,
				5934586A1A832C8800DE4C28 /* Tesla_Interface.cpp in Sources */,
				59262951198AB66500858A67 /* Transform.cpp in Sources */,
				59FCB5111A84A5DB0048D776 /* StdInterface.cpp in Sources */,
				59262952198AB66500858A67 /* Type_Abstract.cpp in Sources */,
				59F5BCBE1A8C91F1006676EC /* Silcon.cpp in Sources */,
				59FCBF4B1A74840E00BEF905 /* GLFoundation.cpp in Sources */,
				5926294F198AB66500858A67 /* Test.cpp in Sources */,
				59FCBF3F1A73B8E200BEF905 /* BulletThread.cpp in Sources */,
				59262946198AB66500858A67 /* LuaUtils.cpp in Sources */,
				59262945198AB66500858A67 /* LuaInterface.cpp in Sources */,
				59262955198AB66500858A67 /* Type_Techno.cpp in Sources */,
				5923C8EF19D02A5E0055E0D5 /* PhysicsGeneral.cpp in Sources */,
				59F5BCB31A8A39E5006676EC /* ZephyrCheck.cpp in Sources */,
				59FCB50F1A84A3C90048D776 /* Grit_Interface.cpp in Sources */,
				59262947198AB66500858A67 /* Map.cpp in Sources */,
				5923C8E419D01EE60055E0D5 /* Generic.cpp in Sources */,
				59262943198AB66500858A67 /* Config.cpp in Sources */,
				59FCBF431A73CA5700BEF905 /* Acheron.cpp in Sources */,
				5926294C198AB66500858A67 /* Physics.cpp in Sources */,
				59FCB50B1A84850C0048D776 /* GritAStar.cpp in Sources */,
				599985F81A80DC0F00E6CE68 /* ConstraintVehicle.cpp in Sources */,
				59F5BCB61A8B9657006676EC /* SilconSprite.cpp in Sources */,
				59C97B0D1A7942CA00AB3F02 /* TeslaRenderingBasic.cpp in Sources */,
				59262942198AB66500858A67 /* Common.cpp in Sources */,
				59BF15F31A837301000DA821 /* TeslaRendering.cpp in Sources */,
				59BF15F61A837A9E000DA821 /* WonderlandFoundation.cpp in Sources */,
				59CF4DB81A9594AF00F61962 /* Path.cpp in Sources */,
				5953D4191A90A84F009AD969 /* Wonderland_Interface.cpp in Sources */,
				599985F21A7F540200E6CE68 /* RaycastVehicle.cpp in Sources */,
				591692601A3E11D2001D4D35 /* SFLineShape.cpp in Sources */,
				599985EF1A7F4BED00E6CE68 /* Startup.cpp in Sources */,
				59FCB5171A85B2120048D776 /* Timer.cpp in Sources */,
				59F431DC1A839A47008795D9 /* GLM_Interface.cpp in Sources */,
				59F5BCB91A8B9E4F006676EC /* SilconShader.cpp in Sources */,
				59CF4DB51A94901D00F61962 /* BulletInterface.cpp in Sources */,
				599985E91A7F3F9900E6CE68 /* ATVBCube.cpp in Sources */,
				5926293E198AB66500858A67 /* Abstract.cpp in Sources */,
			);
			runOnlyForDeploymentPostprocessing = 0;
		};
/* End PBXSourcesBuildPhase section */

/* Begin XCBuildConfiguration section */
		59262905198AB62300858A67 /* Debug */ = {
			isa = XCBuildConfiguration;
			buildSettings = {
				ALWAYS_SEARCH_USER_PATHS = NO;
				CLANG_CXX_LANGUAGE_STANDARD = "gnu++0x";
				CLANG_CXX_LIBRARY = "libc++";
				CLANG_ENABLE_MODULES = YES;
				CLANG_ENABLE_OBJC_ARC = YES;
				CLANG_WARN_BOOL_CONVERSION = YES;
				CLANG_WARN_CONSTANT_CONVERSION = YES;
				CLANG_WARN_CXX0X_EXTENSIONS = YES;
				CLANG_WARN_DIRECT_OBJC_ISA_USAGE = YES_ERROR;
				CLANG_WARN_EMPTY_BODY = YES;
				CLANG_WARN_ENUM_CONVERSION = YES;
				CLANG_WARN_INT_CONVERSION = YES;
				CLANG_WARN_OBJC_ROOT_CLASS = YES_ERROR;
				CLANG_WARN__DUPLICATE_METHOD_MATCH = YES;
				CLANG_WARN__EXIT_TIME_DESTRUCTORS = NO;
				COPY_PHASE_STRIP = NO;
				CURRENT_PROJECT_VERSION = 1208;
				GCC_C_LANGUAGE_STANDARD = gnu99;
				GCC_DYNAMIC_NO_PIC = NO;
				GCC_ENABLE_OBJC_EXCEPTIONS = YES;
				GCC_OPTIMIZATION_LEVEL = 0;
				GCC_PREPROCESSOR_DEFINITIONS = (
					"DEBUG=1",
					"$(inherited)",
				);
				GCC_SYMBOLS_PRIVATE_EXTERN = NO;
				GCC_WARN_64_TO_32_BIT_CONVERSION = YES;
				GCC_WARN_ABOUT_RETURN_TYPE = YES_ERROR;
				GCC_WARN_HIDDEN_VIRTUAL_FUNCTIONS = YES;
				GCC_WARN_NON_VIRTUAL_DESTRUCTOR = YES;
				GCC_WARN_UNDECLARED_SELECTOR = YES;
				GCC_WARN_UNINITIALIZED_AUTOS = YES_AGGRESSIVE;
				GCC_WARN_UNUSED_FUNCTION = YES;
				GCC_WARN_UNUSED_VARIABLE = YES;
				HEADER_SEARCH_PATHS = (
					"$(inherited)",
					/Applications/Xcode.app/Contents/Developer/Toolchains/XcodeDefault.xctoolchain/usr/include,
					/Users/secondatke/Documents/Assets/Librarys/Bullet/include,
					/usr/local/Cellar/sfml/2.1/include,
					/usr/local/Cellar/lua/5.1.5/include,
					/Users/secondatke/Documents/Assets/Librarys/LuaBridge/include,
					/Users/secondatke/Documents/Assets/Librarys/armadillo/include,
				);
				MACOSX_DEPLOYMENT_TARGET = 10.9;
				ONLY_ACTIVE_ARCH = YES;
				OTHER_CFLAGS = "";
				SDKROOT = macosx;
				USER_HEADER_SEARCH_PATHS = /Users/secondatke/Documents/Assets/Librarys/Bullet/include/Bullet;
				VERSIONING_SYSTEM = "apple-generic";
			};
			name = Debug;
		};
		59262906198AB62300858A67 /* Release */ = {
			isa = XCBuildConfiguration;
			buildSettings = {
				ALWAYS_SEARCH_USER_PATHS = NO;
				CLANG_CXX_LANGUAGE_STANDARD = "gnu++0x";
				CLANG_CXX_LIBRARY = "libc++";
				CLANG_ENABLE_MODULES = YES;
				CLANG_ENABLE_OBJC_ARC = YES;
				CLANG_WARN_BOOL_CONVERSION = YES;
				CLANG_WARN_CONSTANT_CONVERSION = YES;
				CLANG_WARN_CXX0X_EXTENSIONS = YES;
				CLANG_WARN_DIRECT_OBJC_ISA_USAGE = YES_ERROR;
				CLANG_WARN_EMPTY_BODY = YES;
				CLANG_WARN_ENUM_CONVERSION = YES;
				CLANG_WARN_INT_CONVERSION = YES;
				CLANG_WARN_OBJC_ROOT_CLASS = YES_ERROR;
				CLANG_WARN__DUPLICATE_METHOD_MATCH = YES;
				CLANG_WARN__EXIT_TIME_DESTRUCTORS = NO;
				COPY_PHASE_STRIP = YES;
				CURRENT_PROJECT_VERSION = 1208;
				DEBUG_INFORMATION_FORMAT = "dwarf-with-dsym";
				ENABLE_NS_ASSERTIONS = NO;
				GCC_C_LANGUAGE_STANDARD = gnu99;
				GCC_ENABLE_OBJC_EXCEPTIONS = YES;
				GCC_WARN_64_TO_32_BIT_CONVERSION = YES;
				GCC_WARN_ABOUT_RETURN_TYPE = YES_ERROR;
				GCC_WARN_HIDDEN_VIRTUAL_FUNCTIONS = YES;
				GCC_WARN_NON_VIRTUAL_DESTRUCTOR = YES;
				GCC_WARN_UNDECLARED_SELECTOR = YES;
				GCC_WARN_UNINITIALIZED_AUTOS = YES_AGGRESSIVE;
				GCC_WARN_UNUSED_FUNCTION = YES;
				GCC_WARN_UNUSED_VARIABLE = YES;
				HEADER_SEARCH_PATHS = (
					"$(inherited)",
					/Applications/Xcode.app/Contents/Developer/Toolchains/XcodeDefault.xctoolchain/usr/include,
					/Users/secondatke/Documents/Assets/Librarys/Bullet/include,
					/usr/local/Cellar/sfml/2.1/include,
					/usr/local/Cellar/lua/5.1.5/include,
					/Users/secondatke/Documents/Assets/Librarys/LuaBridge/include,
					/Users/secondatke/Documents/Assets/Librarys/armadillo/include,
				);
				MACOSX_DEPLOYMENT_TARGET = 10.9;
				OTHER_CFLAGS = "";
				SDKROOT = macosx;
				USER_HEADER_SEARCH_PATHS = /Users/secondatke/Documents/Assets/Librarys/Bullet/include/Bullet;
				VERSIONING_SYSTEM = "apple-generic";
			};
			name = Release;
		};
		59262908198AB62300858A67 /* Debug */ = {
			isa = XCBuildConfiguration;
			buildSettings = {
				CLANG_ANALYZER_SECURITY_FLOATLOOPCOUNTER = YES;
				CLANG_WARN_IMPLICIT_SIGN_CONVERSION = NO;
				DEBUG_INFORMATION_FORMAT = dwarf;
				FRAMEWORK_SEARCH_PATHS = (
					"$(inherited)",
					"$(LOCAL_LIBRARY_DIR)/Frameworks",
				);
				GCC_OPTIMIZATION_LEVEL = 0;
				GCC_THREADSAFE_STATICS = YES;
				HEADER_SEARCH_PATHS = (
					"$(inherited)",
					/Applications/Xcode.app/Contents/Developer/Toolchains/XcodeDefault.xctoolchain/usr/include,
					/usr/local/include,
					/Users/secondatke/Documents/Assets/Librarys/Bullet/include,
					"/Users/secondatke/Documents/Assets/Librarys/SFML-master/include",
					/Users/secondatke/Documents/Assets/Librarys/armadillo/include,
					/Users/secondatke/Documents/Assets/Librarys/LuaBridge/include,
					/Users/secondatke/Documents/Assets/Librarys/glm/include,
				);
				KEEP_PRIVATE_EXTERNS = YES;
				LIBRARY_SEARCH_PATHS = (
					"$(inherited)",
					/usr/local/lib,
					/Users/secondatke/Documents/Assets/Librarys/Bullet/lib,
					/Users/secondatke/Documents/branches/project_U/lib,
					"/Users/secondatke/Documents/Assets/Librarys/SFML-master/lib",
					"/Users/secondatke/Documents/Assets/Librarys/SFML-OSX-3.2Changes/lib",
					"/Users/secondatke/Documents/Assets/Librarys/SFML-master/extlibs/libs-osx/lib",
				);
				OTHER_CFLAGS = (
					"-ffast-math",
					"-MMD",
					"-MP",
				);
				OTHER_LDFLAGS = (
					"-pagezero_size",
					10000,
					"-image_base",
					100000000,
					"-lprofiler",
				);
				PRODUCT_NAME = "$(TARGET_NAME)";
				WARNING_CFLAGS = "-Wall";
			};
			name = Debug;
		};
		59262909198AB62300858A67 /* Release */ = {
			isa = XCBuildConfiguration;
			buildSettings = {
				CLANG_ANALYZER_SECURITY_FLOATLOOPCOUNTER = YES;
				CLANG_USE_OPTIMIZATION_PROFILE = YES;
				CLANG_WARN_IMPLICIT_SIGN_CONVERSION = NO;
				DEBUG_INFORMATION_FORMAT = dwarf;
				FRAMEWORK_SEARCH_PATHS = (
					"$(inherited)",
					"$(LOCAL_LIBRARY_DIR)/Frameworks",
				);
				GCC_OPTIMIZATION_LEVEL = fast;
				GCC_THREADSAFE_STATICS = YES;
				HEADER_SEARCH_PATHS = (
					"$(inherited)",
					/Applications/Xcode.app/Contents/Developer/Toolchains/XcodeDefault.xctoolchain/usr/include,
					/usr/local/include,
					/Users/secondatke/Documents/Assets/Librarys/Bullet/include,
					"/Users/secondatke/Documents/Assets/Librarys/SFML-master/include",
					/Users/secondatke/Documents/Assets/Librarys/armadillo/include,
					/Users/secondatke/Documents/Assets/Librarys/LuaBridge/include,
					/Users/secondatke/Documents/Assets/Librarys/glm/include,
				);
				KEEP_PRIVATE_EXTERNS = YES;
				LIBRARY_SEARCH_PATHS = (
					"$(inherited)",
					/usr/local/lib,
					/Users/secondatke/Documents/Assets/Librarys/Bullet/lib,
					/Users/secondatke/Documents/branches/project_U/lib,
					"/Users/secondatke/Documents/Assets/Librarys/SFML-master/lib",
					"/Users/secondatke/Documents/Assets/Librarys/SFML-OSX-3.2Changes/lib",
					"/Users/secondatke/Documents/Assets/Librarys/SFML-master/extlibs/libs-osx/lib",
				);
				OTHER_CFLAGS = (
					"-ffast-math",
					"-MMD",
					"-MP",
				);
				OTHER_LDFLAGS = (
					"-pagezero_size",
					10000,
					"-image_base",
					100000000,
					"-lprofiler",
				);
				PRODUCT_NAME = "$(TARGET_NAME)";
				WARNING_CFLAGS = "-Wall";
			};
			name = Release;
		};
/* End XCBuildConfiguration section */

/* Begin XCConfigurationList section */
		592628F9198AB62300858A67 /* Build configuration list for PBXProject "MarXsCube" */ = {
			isa = XCConfigurationList;
			buildConfigurations = (
				59262905198AB62300858A67 /* Debug */,
				59262906198AB62300858A67 /* Release */,
			);
			defaultConfigurationIsVisible = 0;
			defaultConfigurationName = Release;
		};
		59262907198AB62300858A67 /* Build configuration list for PBXNativeTarget "MarXsCube" */ = {
			isa = XCConfigurationList;
			buildConfigurations = (
				59262908198AB62300858A67 /* Debug */,
				59262909198AB62300858A67 /* Release */,
			);
			defaultConfigurationIsVisible = 0;
			defaultConfigurationName = Release;
		};
/* End XCConfigurationList section */
	};
	rootObject = 592628F6198AB62300858A67 /* Project object */;
}
